// !$*UTF8*$!
{
	archiveVersion = 1;
	classes = {
	};
	objectVersion = 46;
	objects = {

/* Begin PBXBuildFile section */
		4D09BF7C19D0C2360009D0CF /* ContactMapAnnotation.m in Sources */ = {isa = PBXBuildFile; fileRef = 4D09BF7B19D0C2360009D0CF /* ContactMapAnnotation.m */; };
		4D09BF7F19D0CD840009D0CF /* ContactMapAnnotationView.m in Sources */ = {isa = PBXBuildFile; fileRef = 4D09BF7E19D0CD840009D0CF /* ContactMapAnnotationView.m */; };
		4D09BF9019D1254D0009D0CF /* MKCircle+ContactController.m in Sources */ = {isa = PBXBuildFile; fileRef = 4D09BF8F19D1254D0009D0CF /* MKCircle+ContactController.m */; };
		4D1A983D19D2007C0017CC7D /* MKMapView+SharedInstance.m in Sources */ = {isa = PBXBuildFile; fileRef = 4D1A983C19D2007C0017CC7D /* MKMapView+SharedInstance.m */; };
		4D44828019CB949E007E3220 /* Security.framework in Frameworks */ = {isa = PBXBuildFile; fileRef = 4D44827F19CB949E007E3220 /* Security.framework */; };
		4D44828A19CBC133007E3220 /* NSData+Conversion.m in Sources */ = {isa = PBXBuildFile; fileRef = 4D44828919CBC133007E3220 /* NSData+Conversion.m */; };
		4D48C66A19BB984100D09FDA /* User.m in Sources */ = {isa = PBXBuildFile; fileRef = 4D48C66919BB984100D09FDA /* User.m */; };
		4D48C67319BCC92800D09FDA /* UpdateUserColorViewController.m in Sources */ = {isa = PBXBuildFile; fileRef = 4D48C67219BCC92800D09FDA /* UpdateUserColorViewController.m */; };
		4D48C67619BCCDC300D09FDA /* UpdateUsernameViewController.m in Sources */ = {isa = PBXBuildFile; fileRef = 4D48C67519BCCDC300D09FDA /* UpdateUsernameViewController.m */; };
		4D48C67A19BCD1EF00D09FDA /* UpdateUserIconViewController.m in Sources */ = {isa = PBXBuildFile; fileRef = 4D48C67919BCD1EF00D09FDA /* UpdateUserIconViewController.m */; };
		4D49A8A019CFCF1400F8B382 /* MapKit.framework in Frameworks */ = {isa = PBXBuildFile; fileRef = 4D49A89F19CFCF1400F8B382 /* MapKit.framework */; };
		4D49A8A419CFDCD900F8B382 /* LaunchScreen.xib in Resources */ = {isa = PBXBuildFile; fileRef = 4D49A8A319CFDCD900F8B382 /* LaunchScreen.xib */; };
		4D4C611319B4CBAE003AB18B /* ContactListTableViewCell.m in Sources */ = {isa = PBXBuildFile; fileRef = 4D4C611219B4CBAE003AB18B /* ContactListTableViewCell.m */; };
		4D4C611819B4D01B003AB18B /* ContactListController.m in Sources */ = {isa = PBXBuildFile; fileRef = 4D4C611719B4D01B003AB18B /* ContactListController.m */; };
		4D4C612A19B517C7003AB18B /* Contact.m in Sources */ = {isa = PBXBuildFile; fileRef = 4D4C612919B517C7003AB18B /* Contact.m */; };
		4D4C613119B52D41003AB18B /* UIColor+Hex.m in Sources */ = {isa = PBXBuildFile; fileRef = 4D4C613019B52D41003AB18B /* UIColor+Hex.m */; };
		4D4D173C19D503940081798D /* ping_ok@2x.png in Resources */ = {isa = PBXBuildFile; fileRef = 4D4D173A19D503940081798D /* ping_ok@2x.png */; };
		4D4D173D19D503940081798D /* ping_ok.png in Resources */ = {isa = PBXBuildFile; fileRef = 4D4D173B19D503940081798D /* ping_ok.png */; };
		4D4D174019D505200081798D /* ping_failed@2x.png in Resources */ = {isa = PBXBuildFile; fileRef = 4D4D173E19D505200081798D /* ping_failed@2x.png */; };
		4D4D174119D505200081798D /* ping_failed.png in Resources */ = {isa = PBXBuildFile; fileRef = 4D4D173F19D505200081798D /* ping_failed.png */; };
		4D5BD6D719CF179000B7BC01 /* WAUConstant.m in Sources */ = {isa = PBXBuildFile; fileRef = 4D5BD6D619CF179000B7BC01 /* WAUConstant.m */; };
		4D5BD6DB19CF256200B7BC01 /* NSString+Hash.m in Sources */ = {isa = PBXBuildFile; fileRef = 4D5BD6DA19CF256200B7BC01 /* NSString+Hash.m */; };
		4D62F4AC19D8B1D0008219AC /* icon_1024_1024.png in Resources */ = {isa = PBXBuildFile; fileRef = 4D62F4AB19D8B1D0008219AC /* icon_1024_1024.png */; };
		4D79C3A019D3C08D00CEB1E4 /* QuartzCore.framework in Frameworks */ = {isa = PBXBuildFile; fileRef = 4D79C39F19D3C08D00CEB1E4 /* QuartzCore.framework */; };
		4D79C3A419D3C18600CEB1E4 /* UIView+Shake.m in Sources */ = {isa = PBXBuildFile; fileRef = 4D79C3A319D3C18600CEB1E4 /* UIView+Shake.m */; };
		4D8267C719B3BA6E00076974 /* main.m in Sources */ = {isa = PBXBuildFile; fileRef = 4D8267C619B3BA6E00076974 /* main.m */; };
		4D8267CA19B3BA6E00076974 /* AppDelegate.m in Sources */ = {isa = PBXBuildFile; fileRef = 4D8267C919B3BA6E00076974 /* AppDelegate.m */; };
		4D8267CD19B3BA6E00076974 /* WheArU.xcdatamodeld in Sources */ = {isa = PBXBuildFile; fileRef = 4D8267CB19B3BA6E00076974 /* WheArU.xcdatamodeld */; };
		4D8267D319B3BA6E00076974 /* Main.storyboard in Resources */ = {isa = PBXBuildFile; fileRef = 4D8267D119B3BA6E00076974 /* Main.storyboard */; };
		4D8267D519B3BA6E00076974 /* Images.xcassets in Resources */ = {isa = PBXBuildFile; fileRef = 4D8267D419B3BA6E00076974 /* Images.xcassets */; };
		4D8267F119B3D29400076974 /* ContactListViewController.m in Sources */ = {isa = PBXBuildFile; fileRef = 4D8267F019B3D29400076974 /* ContactListViewController.m */; };
		4D8C11CD19C6321800698F6D /* id_card.png in Resources */ = {isa = PBXBuildFile; fileRef = 4D8C11CB19C6321800698F6D /* id_card.png */; };
		4D8C11CE19C6321800698F6D /* id_card@2x.png in Resources */ = {isa = PBXBuildFile; fileRef = 4D8C11CC19C6321800698F6D /* id_card@2x.png */; };
		4D8C11D119C6328A00698F6D /* profile_settings.png in Resources */ = {isa = PBXBuildFile; fileRef = 4D8C11CF19C6328A00698F6D /* profile_settings.png */; };
		4D8C11D219C6328A00698F6D /* profile_settings@2x.png in Resources */ = {isa = PBXBuildFile; fileRef = 4D8C11D019C6328A00698F6D /* profile_settings@2x.png */; };
		4D8C11D519C6347400698F6D /* add_user.png in Resources */ = {isa = PBXBuildFile; fileRef = 4D8C11D319C6347400698F6D /* add_user.png */; };
		4D8C11D619C6347400698F6D /* add_user@2x.png in Resources */ = {isa = PBXBuildFile; fileRef = 4D8C11D419C6347400698F6D /* add_user@2x.png */; };
		4D8C11DA19C637B600698F6D /* IDCardViewController.m in Sources */ = {isa = PBXBuildFile; fileRef = 4D8C11D919C637B600698F6D /* IDCardViewController.m */; };
		4D8C11DF19C66A7700698F6D /* AddContactWithQRCodeViewController.m in Sources */ = {isa = PBXBuildFile; fileRef = 4D8C11DE19C66A7700698F6D /* AddContactWithQRCodeViewController.m */; };
		4D8C62DB19B6B00900F59CFF /* RegistrationViewController.m in Sources */ = {isa = PBXBuildFile; fileRef = 4D8C62DA19B6B00900F59CFF /* RegistrationViewController.m */; };
		4D8C62DE19B6B7E900F59CFF /* UsernameViewController.m in Sources */ = {isa = PBXBuildFile; fileRef = 4D8C62DD19B6B7E900F59CFF /* UsernameViewController.m */; };
		4DB408DA19D8C54000397D6F /* UIKit.framework in Frameworks */ = {isa = PBXBuildFile; fileRef = 4D54BCE019D8BFB4004F2591 /* UIKit.framework */; };
		4DB408DB19D8C54A00397D6F /* Foundation.framework in Frameworks */ = {isa = PBXBuildFile; fileRef = 4D54BCE219D8BFBF004F2591 /* Foundation.framework */; };
		4DB408DC19D8C55B00397D6F /* CoreGraphics.framework in Frameworks */ = {isa = PBXBuildFile; fileRef = 4D54BCE819D8C02D004F2591 /* CoreGraphics.framework */; };
		4DB408DD19D8C56100397D6F /* ImageIO.framework in Frameworks */ = {isa = PBXBuildFile; fileRef = 4DB408D619D8C33300397D6F /* ImageIO.framework */; };
		4DD3F54B19CB42F700A77C1C /* CoreData.framework in Frameworks */ = {isa = PBXBuildFile; fileRef = 4DD3F54A19CB42F700A77C1C /* CoreData.framework */; };
		4DD3F54D19CB42FD00A77C1C /* CoreLocation.framework in Frameworks */ = {isa = PBXBuildFile; fileRef = 4DD3F54C19CB42FD00A77C1C /* CoreLocation.framework */; };
		4DD3F55019CB433000A77C1C /* LocationController.m in Sources */ = {isa = PBXBuildFile; fileRef = 4DD3F54F19CB433000A77C1C /* LocationController.m */; };
		4DD3F55319CB5C8500A77C1C /* locate.png in Resources */ = {isa = PBXBuildFile; fileRef = 4DD3F55119CB5C8500A77C1C /* locate.png */; };
		4DD3F55419CB5C8500A77C1C /* locate@2x.png in Resources */ = {isa = PBXBuildFile; fileRef = 4DD3F55219CB5C8500A77C1C /* locate@2x.png */; };
		4DD698AA19C4F27F00D9D65D /* Reachability.m in Sources */ = {isa = PBXBuildFile; fileRef = 4DD698A919C4F27F00D9D65D /* Reachability.m */; };
		4DD698AC19C4F29700D9D65D /* SystemConfiguration.framework in Frameworks */ = {isa = PBXBuildFile; fileRef = 4DD698AB19C4F29700D9D65D /* SystemConfiguration.framework */; };
		4DD698B019C4FC6A00D9D65D /* WAULog.m in Sources */ = {isa = PBXBuildFile; fileRef = 4DD698AF19C4FC6A00D9D65D /* WAULog.m */; };
		4DD698B919C5510C00D9D65D /* settings@2x.png in Resources */ = {isa = PBXBuildFile; fileRef = 4DD698B719C5510C00D9D65D /* settings@2x.png */; };
		4DD698BA19C5510C00D9D65D /* settings.png in Resources */ = {isa = PBXBuildFile; fileRef = 4DD698B819C5510C00D9D65D /* settings.png */; };
		4DD8863919C785B1003C7CE2 /* EntityController.m in Sources */ = {isa = PBXBuildFile; fileRef = 4DD8863819C785B1003C7CE2 /* EntityController.m */; };
		4DD8863C19C78EA7003C7CE2 /* UserController.m in Sources */ = {isa = PBXBuildFile; fileRef = 4DD8863B19C78EA7003C7CE2 /* UserController.m */; };
		4DD8863F19C79981003C7CE2 /* ContactController.m in Sources */ = {isa = PBXBuildFile; fileRef = 4DD8863E19C79981003C7CE2 /* ContactController.m */; };
		4DD8A3FA19D909D8009FFB41 /* WAUUtilities.m in Sources */ = {isa = PBXBuildFile; fileRef = 4DD8A3F919D909D8009FFB41 /* WAUUtilities.m */; };
		4DEAF5A119C8767300CC1EC8 /* EncryptionController.m in Sources */ = {isa = PBXBuildFile; fileRef = 4DEAF5A019C8767300CC1EC8 /* EncryptionController.m */; };
		4DEAF5A519C87C0200CC1EC8 /* AVFoundation.framework in Frameworks */ = {isa = PBXBuildFile; fileRef = 4DEAF5A419C87C0200CC1EC8 /* AVFoundation.framework */; };
		4DEAF5B519C886BB00CC1EC8 /* RNCryptor.m in Sources */ = {isa = PBXBuildFile; fileRef = 4DEAF5AD19C886BB00CC1EC8 /* RNCryptor.m */; };
		4DEAF5B619C886BB00CC1EC8 /* RNCryptorEngine.m in Sources */ = {isa = PBXBuildFile; fileRef = 4DEAF5B019C886BB00CC1EC8 /* RNCryptorEngine.m */; };
		4DEAF5B719C886BB00CC1EC8 /* RNDecryptor.m in Sources */ = {isa = PBXBuildFile; fileRef = 4DEAF5B219C886BB00CC1EC8 /* RNDecryptor.m */; };
		4DEAF5B819C886BB00CC1EC8 /* RNEncryptor.m in Sources */ = {isa = PBXBuildFile; fileRef = 4DEAF5B419C886BB00CC1EC8 /* RNEncryptor.m */; };
		4DEAF5BE19C933DC00CC1EC8 /* NotificationController.m in Sources */ = {isa = PBXBuildFile; fileRef = 4DEAF5BD19C933DC00CC1EC8 /* NotificationController.m */; };
		4DEDDD4919D63AFF00CA94C7 /* remove_user@2x.png in Resources */ = {isa = PBXBuildFile; fileRef = 4DEDDD4719D63AFF00CA94C7 /* remove_user@2x.png */; };
		4DEDDD4A19D63AFF00CA94C7 /* remove_user.png in Resources */ = {isa = PBXBuildFile; fileRef = 4DEDDD4819D63AFF00CA94C7 /* remove_user.png */; };
		4DF6EAB819C9FD32001BC176 /* Reachability+SharedInstance.m in Sources */ = {isa = PBXBuildFile; fileRef = 4DF6EAB719C9FD32001BC176 /* Reachability+SharedInstance.m */; };
		4DF6EABC19CA00DD001BC176 /* WAUServerConnector.m in Sources */ = {isa = PBXBuildFile; fileRef = 4DF6EABB19CA00DD001BC176 /* WAUServerConnector.m */; };
		4DF6EAC219CA0A21001BC176 /* WAUServerConnectorRequest.m in Sources */ = {isa = PBXBuildFile; fileRef = 4DF6EAC119CA0A21001BC176 /* WAUServerConnectorRequest.m */; };
		4DF76E2B19CFC91B001BCE04 /* ContactMapViewController.m in Sources */ = {isa = PBXBuildFile; fileRef = 4DF76E2A19CFC91B001BCE04 /* ContactMapViewController.m */; };
/* End PBXBuildFile section */

/* Begin PBXFileReference section */
		4D09BF7A19D0C2360009D0CF /* ContactMapAnnotation.h */ = {isa = PBXFileReference; fileEncoding = 4; lastKnownFileType = sourcecode.c.h; path = ContactMapAnnotation.h; sourceTree = "<group>"; };
		4D09BF7B19D0C2360009D0CF /* ContactMapAnnotation.m */ = {isa = PBXFileReference; fileEncoding = 4; lastKnownFileType = sourcecode.c.objc; path = ContactMapAnnotation.m; sourceTree = "<group>"; };
		4D09BF7D19D0CD840009D0CF /* ContactMapAnnotationView.h */ = {isa = PBXFileReference; fileEncoding = 4; lastKnownFileType = sourcecode.c.h; path = ContactMapAnnotationView.h; sourceTree = "<group>"; };
		4D09BF7E19D0CD840009D0CF /* ContactMapAnnotationView.m */ = {isa = PBXFileReference; fileEncoding = 4; lastKnownFileType = sourcecode.c.objc; path = ContactMapAnnotationView.m; sourceTree = "<group>"; };
		4D09BF8E19D1254D0009D0CF /* MKCircle+ContactController.h */ = {isa = PBXFileReference; fileEncoding = 4; lastKnownFileType = sourcecode.c.h; path = "MKCircle+ContactController.h"; sourceTree = "<group>"; };
		4D09BF8F19D1254D0009D0CF /* MKCircle+ContactController.m */ = {isa = PBXFileReference; fileEncoding = 4; lastKnownFileType = sourcecode.c.objc; path = "MKCircle+ContactController.m"; sourceTree = "<group>"; };
		4D1A983B19D2007C0017CC7D /* MKMapView+SharedInstance.h */ = {isa = PBXFileReference; fileEncoding = 4; lastKnownFileType = sourcecode.c.h; path = "MKMapView+SharedInstance.h"; sourceTree = "<group>"; };
		4D1A983C19D2007C0017CC7D /* MKMapView+SharedInstance.m */ = {isa = PBXFileReference; fileEncoding = 4; lastKnownFileType = sourcecode.c.objc; path = "MKMapView+SharedInstance.m"; sourceTree = "<group>"; };
		4D44827F19CB949E007E3220 /* Security.framework */ = {isa = PBXFileReference; lastKnownFileType = wrapper.framework; name = Security.framework; path = System/Library/Frameworks/Security.framework; sourceTree = SDKROOT; };
		4D44828819CBC133007E3220 /* NSData+Conversion.h */ = {isa = PBXFileReference; fileEncoding = 4; lastKnownFileType = sourcecode.c.h; path = "NSData+Conversion.h"; sourceTree = "<group>"; };
		4D44828919CBC133007E3220 /* NSData+Conversion.m */ = {isa = PBXFileReference; fileEncoding = 4; lastKnownFileType = sourcecode.c.objc; path = "NSData+Conversion.m"; sourceTree = "<group>"; };
		4D48C66819BB984100D09FDA /* User.h */ = {isa = PBXFileReference; fileEncoding = 4; lastKnownFileType = sourcecode.c.h; path = User.h; sourceTree = "<group>"; };
		4D48C66919BB984100D09FDA /* User.m */ = {isa = PBXFileReference; fileEncoding = 4; lastKnownFileType = sourcecode.c.objc; path = User.m; sourceTree = "<group>"; };
		4D48C67119BCC92800D09FDA /* UpdateUserColorViewController.h */ = {isa = PBXFileReference; fileEncoding = 4; lastKnownFileType = sourcecode.c.h; path = UpdateUserColorViewController.h; sourceTree = "<group>"; };
		4D48C67219BCC92800D09FDA /* UpdateUserColorViewController.m */ = {isa = PBXFileReference; fileEncoding = 4; lastKnownFileType = sourcecode.c.objc; path = UpdateUserColorViewController.m; sourceTree = "<group>"; };
		4D48C67419BCCDC300D09FDA /* UpdateUsernameViewController.h */ = {isa = PBXFileReference; fileEncoding = 4; lastKnownFileType = sourcecode.c.h; path = UpdateUsernameViewController.h; sourceTree = "<group>"; };
		4D48C67519BCCDC300D09FDA /* UpdateUsernameViewController.m */ = {isa = PBXFileReference; fileEncoding = 4; lastKnownFileType = sourcecode.c.objc; path = UpdateUsernameViewController.m; sourceTree = "<group>"; };
		4D48C67819BCD1EF00D09FDA /* UpdateUserIconViewController.h */ = {isa = PBXFileReference; fileEncoding = 4; lastKnownFileType = sourcecode.c.h; path = UpdateUserIconViewController.h; sourceTree = "<group>"; };
		4D48C67919BCD1EF00D09FDA /* UpdateUserIconViewController.m */ = {isa = PBXFileReference; fileEncoding = 4; lastKnownFileType = sourcecode.c.objc; path = UpdateUserIconViewController.m; sourceTree = "<group>"; };
		4D49A89F19CFCF1400F8B382 /* MapKit.framework */ = {isa = PBXFileReference; lastKnownFileType = wrapper.framework; name = MapKit.framework; path = System/Library/Frameworks/MapKit.framework; sourceTree = SDKROOT; };
		4D49A8A319CFDCD900F8B382 /* LaunchScreen.xib */ = {isa = PBXFileReference; fileEncoding = 4; lastKnownFileType = file.xib; path = LaunchScreen.xib; sourceTree = "<group>"; };
		4D4C611119B4CBAE003AB18B /* ContactListTableViewCell.h */ = {isa = PBXFileReference; fileEncoding = 4; lastKnownFileType = sourcecode.c.h; path = ContactListTableViewCell.h; sourceTree = "<group>"; };
		4D4C611219B4CBAE003AB18B /* ContactListTableViewCell.m */ = {isa = PBXFileReference; fileEncoding = 4; lastKnownFileType = sourcecode.c.objc; path = ContactListTableViewCell.m; sourceTree = "<group>"; };
		4D4C611619B4D01B003AB18B /* ContactListController.h */ = {isa = PBXFileReference; fileEncoding = 4; lastKnownFileType = sourcecode.c.h; path = ContactListController.h; sourceTree = "<group>"; };
		4D4C611719B4D01B003AB18B /* ContactListController.m */ = {isa = PBXFileReference; fileEncoding = 4; lastKnownFileType = sourcecode.c.objc; path = ContactListController.m; sourceTree = "<group>"; };
		4D4C612819B517C7003AB18B /* Contact.h */ = {isa = PBXFileReference; fileEncoding = 4; lastKnownFileType = sourcecode.c.h; path = Contact.h; sourceTree = "<group>"; };
		4D4C612919B517C7003AB18B /* Contact.m */ = {isa = PBXFileReference; fileEncoding = 4; lastKnownFileType = sourcecode.c.objc; path = Contact.m; sourceTree = "<group>"; };
		4D4C612F19B52D41003AB18B /* UIColor+Hex.h */ = {isa = PBXFileReference; fileEncoding = 4; lastKnownFileType = sourcecode.c.h; path = "UIColor+Hex.h"; sourceTree = "<group>"; };
		4D4C613019B52D41003AB18B /* UIColor+Hex.m */ = {isa = PBXFileReference; fileEncoding = 4; lastKnownFileType = sourcecode.c.objc; path = "UIColor+Hex.m"; sourceTree = "<group>"; };
		4D4D173919D4F9AC0081798D /* WheArU 2.xcdatamodel */ = {isa = PBXFileReference; lastKnownFileType = wrapper.xcdatamodel; path = "WheArU 2.xcdatamodel"; sourceTree = "<group>"; };
		4D4D173A19D503940081798D /* ping_ok@2x.png */ = {isa = PBXFileReference; lastKnownFileType = image.png; path = "ping_ok@2x.png"; sourceTree = "<group>"; };
		4D4D173B19D503940081798D /* ping_ok.png */ = {isa = PBXFileReference; lastKnownFileType = image.png; path = ping_ok.png; sourceTree = "<group>"; };
		4D4D173E19D505200081798D /* ping_failed@2x.png */ = {isa = PBXFileReference; lastKnownFileType = image.png; path = "ping_failed@2x.png"; sourceTree = "<group>"; };
		4D4D173F19D505200081798D /* ping_failed.png */ = {isa = PBXFileReference; lastKnownFileType = image.png; path = ping_failed.png; sourceTree = "<group>"; };
		4D54BCE019D8BFB4004F2591 /* UIKit.framework */ = {isa = PBXFileReference; lastKnownFileType = wrapper.framework; name = UIKit.framework; path = System/Library/Frameworks/UIKit.framework; sourceTree = SDKROOT; };
		4D54BCE219D8BFBF004F2591 /* Foundation.framework */ = {isa = PBXFileReference; lastKnownFileType = wrapper.framework; name = Foundation.framework; path = System/Library/Frameworks/Foundation.framework; sourceTree = SDKROOT; };
		4D54BCE819D8C02D004F2591 /* CoreGraphics.framework */ = {isa = PBXFileReference; lastKnownFileType = wrapper.framework; name = CoreGraphics.framework; path = System/Library/Frameworks/CoreGraphics.framework; sourceTree = SDKROOT; };
		4D5BD6D519CF179000B7BC01 /* WAUConstant.h */ = {isa = PBXFileReference; fileEncoding = 4; lastKnownFileType = sourcecode.c.h; path = WAUConstant.h; sourceTree = "<group>"; };
		4D5BD6D619CF179000B7BC01 /* WAUConstant.m */ = {isa = PBXFileReference; fileEncoding = 4; lastKnownFileType = sourcecode.c.objc; path = WAUConstant.m; sourceTree = "<group>"; };
		4D5BD6D919CF256200B7BC01 /* NSString+Hash.h */ = {isa = PBXFileReference; fileEncoding = 4; lastKnownFileType = sourcecode.c.h; path = "NSString+Hash.h"; sourceTree = "<group>"; };
		4D5BD6DA19CF256200B7BC01 /* NSString+Hash.m */ = {isa = PBXFileReference; fileEncoding = 4; lastKnownFileType = sourcecode.c.objc; path = "NSString+Hash.m"; sourceTree = "<group>"; };
		4D62F4AB19D8B1D0008219AC /* icon_1024_1024.png */ = {isa = PBXFileReference; lastKnownFileType = image.png; path = icon_1024_1024.png; sourceTree = "<group>"; };
		4D79C39F19D3C08D00CEB1E4 /* QuartzCore.framework */ = {isa = PBXFileReference; lastKnownFileType = wrapper.framework; name = QuartzCore.framework; path = System/Library/Frameworks/QuartzCore.framework; sourceTree = SDKROOT; };
		4D79C3A219D3C18600CEB1E4 /* UIView+Shake.h */ = {isa = PBXFileReference; fileEncoding = 4; lastKnownFileType = sourcecode.c.h; path = "UIView+Shake.h"; sourceTree = "<group>"; };
		4D79C3A319D3C18600CEB1E4 /* UIView+Shake.m */ = {isa = PBXFileReference; fileEncoding = 4; lastKnownFileType = sourcecode.c.objc; path = "UIView+Shake.m"; sourceTree = "<group>"; };
		4D8267C119B3BA6E00076974 /* PingPong.app */ = {isa = PBXFileReference; explicitFileType = wrapper.application; includeInIndex = 0; path = PingPong.app; sourceTree = BUILT_PRODUCTS_DIR; };
		4D8267C519B3BA6E00076974 /* Info.plist */ = {isa = PBXFileReference; lastKnownFileType = text.plist.xml; path = Info.plist; sourceTree = "<group>"; };
		4D8267C619B3BA6E00076974 /* main.m */ = {isa = PBXFileReference; lastKnownFileType = sourcecode.c.objc; path = main.m; sourceTree = "<group>"; };
		4D8267C819B3BA6E00076974 /* AppDelegate.h */ = {isa = PBXFileReference; lastKnownFileType = sourcecode.c.h; path = AppDelegate.h; sourceTree = "<group>"; };
		4D8267C919B3BA6E00076974 /* AppDelegate.m */ = {isa = PBXFileReference; lastKnownFileType = sourcecode.c.objc; path = AppDelegate.m; sourceTree = "<group>"; };
		4D8267CC19B3BA6E00076974 /* WheArU.xcdatamodel */ = {isa = PBXFileReference; lastKnownFileType = wrapper.xcdatamodel; path = WheArU.xcdatamodel; sourceTree = "<group>"; };
		4D8267D219B3BA6E00076974 /* Base */ = {isa = PBXFileReference; lastKnownFileType = file.storyboard; name = Base; path = Base.lproj/Main.storyboard; sourceTree = "<group>"; };
		4D8267D419B3BA6E00076974 /* Images.xcassets */ = {isa = PBXFileReference; lastKnownFileType = folder.assetcatalog; path = Images.xcassets; sourceTree = "<group>"; };
		4D8267DF19B3BA6E00076974 /* Info.plist */ = {isa = PBXFileReference; lastKnownFileType = text.plist.xml; path = Info.plist; sourceTree = "<group>"; };
		4D8267E019B3BA6E00076974 /* WheArUTests.m */ = {isa = PBXFileReference; lastKnownFileType = sourcecode.c.objc; path = WheArUTests.m; sourceTree = "<group>"; };
		4D8267EF19B3D29400076974 /* ContactListViewController.h */ = {isa = PBXFileReference; fileEncoding = 4; lastKnownFileType = sourcecode.c.h; path = ContactListViewController.h; sourceTree = "<group>"; };
		4D8267F019B3D29400076974 /* ContactListViewController.m */ = {isa = PBXFileReference; fileEncoding = 4; lastKnownFileType = sourcecode.c.objc; path = ContactListViewController.m; sourceTree = "<group>"; };
		4D8C11CB19C6321800698F6D /* id_card.png */ = {isa = PBXFileReference; lastKnownFileType = image.png; path = id_card.png; sourceTree = "<group>"; };
		4D8C11CC19C6321800698F6D /* id_card@2x.png */ = {isa = PBXFileReference; lastKnownFileType = image.png; path = "id_card@2x.png"; sourceTree = "<group>"; };
		4D8C11CF19C6328A00698F6D /* profile_settings.png */ = {isa = PBXFileReference; lastKnownFileType = image.png; path = profile_settings.png; sourceTree = "<group>"; };
		4D8C11D019C6328A00698F6D /* profile_settings@2x.png */ = {isa = PBXFileReference; lastKnownFileType = image.png; path = "profile_settings@2x.png"; sourceTree = "<group>"; };
		4D8C11D319C6347400698F6D /* add_user.png */ = {isa = PBXFileReference; lastKnownFileType = image.png; path = add_user.png; sourceTree = "<group>"; };
		4D8C11D419C6347400698F6D /* add_user@2x.png */ = {isa = PBXFileReference; lastKnownFileType = image.png; path = "add_user@2x.png"; sourceTree = "<group>"; };
		4D8C11D819C637B600698F6D /* IDCardViewController.h */ = {isa = PBXFileReference; fileEncoding = 4; lastKnownFileType = sourcecode.c.h; path = IDCardViewController.h; sourceTree = "<group>"; };
		4D8C11D919C637B600698F6D /* IDCardViewController.m */ = {isa = PBXFileReference; fileEncoding = 4; lastKnownFileType = sourcecode.c.objc; path = IDCardViewController.m; sourceTree = "<group>"; };
		4D8C11DD19C66A7700698F6D /* AddContactWithQRCodeViewController.h */ = {isa = PBXFileReference; fileEncoding = 4; lastKnownFileType = sourcecode.c.h; path = AddContactWithQRCodeViewController.h; sourceTree = "<group>"; };
		4D8C11DE19C66A7700698F6D /* AddContactWithQRCodeViewController.m */ = {isa = PBXFileReference; fileEncoding = 4; lastKnownFileType = sourcecode.c.objc; path = AddContactWithQRCodeViewController.m; sourceTree = "<group>"; };
		4D8C62D919B6B00900F59CFF /* RegistrationViewController.h */ = {isa = PBXFileReference; fileEncoding = 4; lastKnownFileType = sourcecode.c.h; path = RegistrationViewController.h; sourceTree = "<group>"; };
		4D8C62DA19B6B00900F59CFF /* RegistrationViewController.m */ = {isa = PBXFileReference; fileEncoding = 4; lastKnownFileType = sourcecode.c.objc; path = RegistrationViewController.m; sourceTree = "<group>"; };
		4D8C62DC19B6B7E900F59CFF /* UsernameViewController.h */ = {isa = PBXFileReference; fileEncoding = 4; lastKnownFileType = sourcecode.c.h; path = UsernameViewController.h; sourceTree = "<group>"; };
		4D8C62DD19B6B7E900F59CFF /* UsernameViewController.m */ = {isa = PBXFileReference; fileEncoding = 4; lastKnownFileType = sourcecode.c.objc; path = UsernameViewController.m; sourceTree = "<group>"; };
		4DB408D619D8C33300397D6F /* ImageIO.framework */ = {isa = PBXFileReference; lastKnownFileType = wrapper.framework; name = ImageIO.framework; path = System/Library/Frameworks/ImageIO.framework; sourceTree = SDKROOT; };
		4DB408D919D8C49A00397D6F /* en */ = {isa = PBXFileReference; lastKnownFileType = text.plist.strings; name = en; path = en.lproj/Main.strings; sourceTree = "<group>"; };
		4DD3F54A19CB42F700A77C1C /* CoreData.framework */ = {isa = PBXFileReference; lastKnownFileType = wrapper.framework; name = CoreData.framework; path = System/Library/Frameworks/CoreData.framework; sourceTree = SDKROOT; };
		4DD3F54C19CB42FD00A77C1C /* CoreLocation.framework */ = {isa = PBXFileReference; lastKnownFileType = wrapper.framework; name = CoreLocation.framework; path = System/Library/Frameworks/CoreLocation.framework; sourceTree = SDKROOT; };
		4DD3F54E19CB433000A77C1C /* LocationController.h */ = {isa = PBXFileReference; fileEncoding = 4; lastKnownFileType = sourcecode.c.h; path = LocationController.h; sourceTree = "<group>"; };
		4DD3F54F19CB433000A77C1C /* LocationController.m */ = {isa = PBXFileReference; fileEncoding = 4; lastKnownFileType = sourcecode.c.objc; path = LocationController.m; sourceTree = "<group>"; };
		4DD3F55119CB5C8500A77C1C /* locate.png */ = {isa = PBXFileReference; lastKnownFileType = image.png; path = locate.png; sourceTree = "<group>"; };
		4DD3F55219CB5C8500A77C1C /* locate@2x.png */ = {isa = PBXFileReference; lastKnownFileType = image.png; path = "locate@2x.png"; sourceTree = "<group>"; };
		4DD698A819C4F27F00D9D65D /* Reachability.h */ = {isa = PBXFileReference; fileEncoding = 4; lastKnownFileType = sourcecode.c.h; path = Reachability.h; sourceTree = "<group>"; };
		4DD698A919C4F27F00D9D65D /* Reachability.m */ = {isa = PBXFileReference; fileEncoding = 4; lastKnownFileType = sourcecode.c.objc; path = Reachability.m; sourceTree = "<group>"; };
		4DD698AB19C4F29700D9D65D /* SystemConfiguration.framework */ = {isa = PBXFileReference; lastKnownFileType = wrapper.framework; name = SystemConfiguration.framework; path = System/Library/Frameworks/SystemConfiguration.framework; sourceTree = SDKROOT; };
		4DD698AE19C4FC6A00D9D65D /* WAULog.h */ = {isa = PBXFileReference; fileEncoding = 4; lastKnownFileType = sourcecode.c.h; path = WAULog.h; sourceTree = "<group>"; };
		4DD698AF19C4FC6A00D9D65D /* WAULog.m */ = {isa = PBXFileReference; fileEncoding = 4; lastKnownFileType = sourcecode.c.objc; path = WAULog.m; sourceTree = "<group>"; };
		4DD698B719C5510C00D9D65D /* settings@2x.png */ = {isa = PBXFileReference; lastKnownFileType = image.png; path = "settings@2x.png"; sourceTree = "<group>"; };
		4DD698B819C5510C00D9D65D /* settings.png */ = {isa = PBXFileReference; lastKnownFileType = image.png; path = settings.png; sourceTree = "<group>"; };
		4DD8863719C785B1003C7CE2 /* EntityController.h */ = {isa = PBXFileReference; fileEncoding = 4; lastKnownFileType = sourcecode.c.h; path = EntityController.h; sourceTree = "<group>"; };
		4DD8863819C785B1003C7CE2 /* EntityController.m */ = {isa = PBXFileReference; fileEncoding = 4; lastKnownFileType = sourcecode.c.objc; path = EntityController.m; sourceTree = "<group>"; };
		4DD8863A19C78EA7003C7CE2 /* UserController.h */ = {isa = PBXFileReference; fileEncoding = 4; lastKnownFileType = sourcecode.c.h; path = UserController.h; sourceTree = "<group>"; };
		4DD8863B19C78EA7003C7CE2 /* UserController.m */ = {isa = PBXFileReference; fileEncoding = 4; lastKnownFileType = sourcecode.c.objc; path = UserController.m; sourceTree = "<group>"; };
		4DD8863D19C79981003C7CE2 /* ContactController.h */ = {isa = PBXFileReference; fileEncoding = 4; lastKnownFileType = sourcecode.c.h; path = ContactController.h; sourceTree = "<group>"; };
		4DD8863E19C79981003C7CE2 /* ContactController.m */ = {isa = PBXFileReference; fileEncoding = 4; lastKnownFileType = sourcecode.c.objc; path = ContactController.m; sourceTree = "<group>"; };
		4DD8A3F819D909D8009FFB41 /* WAUUtilities.h */ = {isa = PBXFileReference; fileEncoding = 4; lastKnownFileType = sourcecode.c.h; path = WAUUtilities.h; sourceTree = "<group>"; };
		4DD8A3F919D909D8009FFB41 /* WAUUtilities.m */ = {isa = PBXFileReference; fileEncoding = 4; lastKnownFileType = sourcecode.c.objc; path = WAUUtilities.m; sourceTree = "<group>"; };
		4DEAF59F19C8767300CC1EC8 /* EncryptionController.h */ = {isa = PBXFileReference; fileEncoding = 4; lastKnownFileType = sourcecode.c.h; path = EncryptionController.h; sourceTree = "<group>"; };
		4DEAF5A019C8767300CC1EC8 /* EncryptionController.m */ = {isa = PBXFileReference; fileEncoding = 4; lastKnownFileType = sourcecode.c.objc; path = EncryptionController.m; sourceTree = "<group>"; };
		4DEAF5A419C87C0200CC1EC8 /* AVFoundation.framework */ = {isa = PBXFileReference; lastKnownFileType = wrapper.framework; name = AVFoundation.framework; path = System/Library/Frameworks/AVFoundation.framework; sourceTree = SDKROOT; };
		4DEAF5AB19C886BB00CC1EC8 /* RNCryptor-Prefix.pch */ = {isa = PBXFileReference; fileEncoding = 4; lastKnownFileType = sourcecode.c.h; path = "RNCryptor-Prefix.pch"; sourceTree = "<group>"; };
		4DEAF5AC19C886BB00CC1EC8 /* RNCryptor.h */ = {isa = PBXFileReference; fileEncoding = 4; lastKnownFileType = sourcecode.c.h; path = RNCryptor.h; sourceTree = "<group>"; };
		4DEAF5AD19C886BB00CC1EC8 /* RNCryptor.m */ = {isa = PBXFileReference; fileEncoding = 4; lastKnownFileType = sourcecode.c.objc; path = RNCryptor.m; sourceTree = "<group>"; };
		4DEAF5AE19C886BB00CC1EC8 /* RNCryptor+Private.h */ = {isa = PBXFileReference; fileEncoding = 4; lastKnownFileType = sourcecode.c.h; path = "RNCryptor+Private.h"; sourceTree = "<group>"; };
		4DEAF5AF19C886BB00CC1EC8 /* RNCryptorEngine.h */ = {isa = PBXFileReference; fileEncoding = 4; lastKnownFileType = sourcecode.c.h; path = RNCryptorEngine.h; sourceTree = "<group>"; };
		4DEAF5B019C886BB00CC1EC8 /* RNCryptorEngine.m */ = {isa = PBXFileReference; fileEncoding = 4; lastKnownFileType = sourcecode.c.objc; path = RNCryptorEngine.m; sourceTree = "<group>"; };
		4DEAF5B119C886BB00CC1EC8 /* RNDecryptor.h */ = {isa = PBXFileReference; fileEncoding = 4; lastKnownFileType = sourcecode.c.h; path = RNDecryptor.h; sourceTree = "<group>"; };
		4DEAF5B219C886BB00CC1EC8 /* RNDecryptor.m */ = {isa = PBXFileReference; fileEncoding = 4; lastKnownFileType = sourcecode.c.objc; path = RNDecryptor.m; sourceTree = "<group>"; };
		4DEAF5B319C886BB00CC1EC8 /* RNEncryptor.h */ = {isa = PBXFileReference; fileEncoding = 4; lastKnownFileType = sourcecode.c.h; path = RNEncryptor.h; sourceTree = "<group>"; };
		4DEAF5B419C886BB00CC1EC8 /* RNEncryptor.m */ = {isa = PBXFileReference; fileEncoding = 4; lastKnownFileType = sourcecode.c.objc; path = RNEncryptor.m; sourceTree = "<group>"; };
		4DEAF5BC19C933DC00CC1EC8 /* NotificationController.h */ = {isa = PBXFileReference; fileEncoding = 4; lastKnownFileType = sourcecode.c.h; path = NotificationController.h; sourceTree = "<group>"; };
		4DEAF5BD19C933DC00CC1EC8 /* NotificationController.m */ = {isa = PBXFileReference; fileEncoding = 4; lastKnownFileType = sourcecode.c.objc; path = NotificationController.m; sourceTree = "<group>"; };
		4DEDDD4719D63AFF00CA94C7 /* remove_user@2x.png */ = {isa = PBXFileReference; lastKnownFileType = image.png; path = "remove_user@2x.png"; sourceTree = "<group>"; };
		4DEDDD4819D63AFF00CA94C7 /* remove_user.png */ = {isa = PBXFileReference; lastKnownFileType = image.png; path = remove_user.png; sourceTree = "<group>"; };
		4DF6EAB619C9FD32001BC176 /* Reachability+SharedInstance.h */ = {isa = PBXFileReference; fileEncoding = 4; lastKnownFileType = sourcecode.c.h; path = "Reachability+SharedInstance.h"; sourceTree = "<group>"; };
		4DF6EAB719C9FD32001BC176 /* Reachability+SharedInstance.m */ = {isa = PBXFileReference; fileEncoding = 4; lastKnownFileType = sourcecode.c.objc; path = "Reachability+SharedInstance.m"; sourceTree = "<group>"; };
		4DF6EABA19CA00DD001BC176 /* WAUServerConnector.h */ = {isa = PBXFileReference; fileEncoding = 4; lastKnownFileType = sourcecode.c.h; path = WAUServerConnector.h; sourceTree = "<group>"; };
		4DF6EABB19CA00DD001BC176 /* WAUServerConnector.m */ = {isa = PBXFileReference; fileEncoding = 4; lastKnownFileType = sourcecode.c.objc; path = WAUServerConnector.m; sourceTree = "<group>"; };
		4DF6EAC019CA0A21001BC176 /* WAUServerConnectorRequest.h */ = {isa = PBXFileReference; fileEncoding = 4; lastKnownFileType = sourcecode.c.h; path = WAUServerConnectorRequest.h; sourceTree = "<group>"; };
		4DF6EAC119CA0A21001BC176 /* WAUServerConnectorRequest.m */ = {isa = PBXFileReference; fileEncoding = 4; lastKnownFileType = sourcecode.c.objc; path = WAUServerConnectorRequest.m; sourceTree = "<group>"; };
		4DF76E2919CFC91B001BCE04 /* ContactMapViewController.h */ = {isa = PBXFileReference; fileEncoding = 4; lastKnownFileType = sourcecode.c.h; path = ContactMapViewController.h; sourceTree = "<group>"; };
		4DF76E2A19CFC91B001BCE04 /* ContactMapViewController.m */ = {isa = PBXFileReference; fileEncoding = 4; lastKnownFileType = sourcecode.c.objc; path = ContactMapViewController.m; sourceTree = "<group>"; };
/* End PBXFileReference section */

/* Begin PBXFrameworksBuildPhase section */
		4D8267BE19B3BA6E00076974 /* Frameworks */ = {
			isa = PBXFrameworksBuildPhase;
			buildActionMask = 2147483647;
			files = (
				4DB408DD19D8C56100397D6F /* ImageIO.framework in Frameworks */,
				4DB408DC19D8C55B00397D6F /* CoreGraphics.framework in Frameworks */,
				4DB408DB19D8C54A00397D6F /* Foundation.framework in Frameworks */,
				4DB408DA19D8C54000397D6F /* UIKit.framework in Frameworks */,
				4DD698AC19C4F29700D9D65D /* SystemConfiguration.framework in Frameworks */,
				4DEAF5A519C87C0200CC1EC8 /* AVFoundation.framework in Frameworks */,
				4D79C3A019D3C08D00CEB1E4 /* QuartzCore.framework in Frameworks */,
				4D44828019CB949E007E3220 /* Security.framework in Frameworks */,
				4D49A8A019CFCF1400F8B382 /* MapKit.framework in Frameworks */,
				4DD3F54D19CB42FD00A77C1C /* CoreLocation.framework in Frameworks */,
				4DD3F54B19CB42F700A77C1C /* CoreData.framework in Frameworks */,
			);
			runOnlyForDeploymentPostprocessing = 0;
		};
/* End PBXFrameworksBuildPhase section */

/* Begin PBXGroup section */
		4D09BF7919D0C1FB0009D0CF /* ContactMap */ = {
			isa = PBXGroup;
			children = (
				4D09BF7A19D0C2360009D0CF /* ContactMapAnnotation.h */,
				4D09BF7B19D0C2360009D0CF /* ContactMapAnnotation.m */,
				4D09BF7D19D0CD840009D0CF /* ContactMapAnnotationView.h */,
				4D09BF7E19D0CD840009D0CF /* ContactMapAnnotationView.m */,
				4DF76E2919CFC91B001BCE04 /* ContactMapViewController.h */,
				4DF76E2A19CFC91B001BCE04 /* ContactMapViewController.m */,
			);
			name = ContactMap;
			sourceTree = "<group>";
		};
		4D09BF8D19D125390009D0CF /* MKCircle+ContactController */ = {
			isa = PBXGroup;
			children = (
				4D09BF8E19D1254D0009D0CF /* MKCircle+ContactController.h */,
				4D09BF8F19D1254D0009D0CF /* MKCircle+ContactController.m */,
			);
			name = "MKCircle+ContactController";
			sourceTree = "<group>";
		};
		4D1A983A19D200650017CC7D /* MKMapView+SharedInstance */ = {
			isa = PBXGroup;
			children = (
				4D1A983B19D2007C0017CC7D /* MKMapView+SharedInstance.h */,
				4D1A983C19D2007C0017CC7D /* MKMapView+SharedInstance.m */,
			);
			name = "MKMapView+SharedInstance";
			sourceTree = "<group>";
		};
		4D44828719CBC119007E3220 /* NSData+HexConversion */ = {
			isa = PBXGroup;
			children = (
				4D44828819CBC133007E3220 /* NSData+Conversion.h */,
				4D44828919CBC133007E3220 /* NSData+Conversion.m */,
			);
			name = "NSData+HexConversion";
			sourceTree = "<group>";
		};
		4D48C67719BCCF7A00D09FDA /* UpdateUserInfo */ = {
			isa = PBXGroup;
			children = (
				4D48C67119BCC92800D09FDA /* UpdateUserColorViewController.h */,
				4D48C67219BCC92800D09FDA /* UpdateUserColorViewController.m */,
				4D48C67819BCD1EF00D09FDA /* UpdateUserIconViewController.h */,
				4D48C67919BCD1EF00D09FDA /* UpdateUserIconViewController.m */,
				4D48C67419BCCDC300D09FDA /* UpdateUsernameViewController.h */,
				4D48C67519BCCDC300D09FDA /* UpdateUsernameViewController.m */,
			);
			name = UpdateUserInfo;
			sourceTree = "<group>";
		};
		4D48C67B19BD20CE00D09FDA /* Registration */ = {
			isa = PBXGroup;
			children = (
				4D8C62D919B6B00900F59CFF /* RegistrationViewController.h */,
				4D8C62DA19B6B00900F59CFF /* RegistrationViewController.m */,
				4D8C62DC19B6B7E900F59CFF /* UsernameViewController.h */,
				4D8C62DD19B6B7E900F59CFF /* UsernameViewController.m */,
			);
			name = Registration;
			sourceTree = "<group>";
		};
		4D4C611019B4CB82003AB18B /* ContactList */ = {
			isa = PBXGroup;
			children = (
				4D4C611119B4CBAE003AB18B /* ContactListTableViewCell.h */,
				4D4C611219B4CBAE003AB18B /* ContactListTableViewCell.m */,
				4D8267EF19B3D29400076974 /* ContactListViewController.h */,
				4D8267F019B3D29400076974 /* ContactListViewController.m */,
			);
			name = ContactList;
			sourceTree = "<group>";
		};
		4D4C611519B4CFC3003AB18B /* BackEndControllers */ = {
			isa = PBXGroup;
			children = (
				4DD8863D19C79981003C7CE2 /* ContactController.h */,
				4DD8863E19C79981003C7CE2 /* ContactController.m */,
				4D4C611619B4D01B003AB18B /* ContactListController.h */,
				4D4C611719B4D01B003AB18B /* ContactListController.m */,
				4DEAF59F19C8767300CC1EC8 /* EncryptionController.h */,
				4DEAF5A019C8767300CC1EC8 /* EncryptionController.m */,
				4DD8863719C785B1003C7CE2 /* EntityController.h */,
				4DD8863819C785B1003C7CE2 /* EntityController.m */,
				4DD3F54E19CB433000A77C1C /* LocationController.h */,
				4DD3F54F19CB433000A77C1C /* LocationController.m */,
				4DEAF5BC19C933DC00CC1EC8 /* NotificationController.h */,
				4DEAF5BD19C933DC00CC1EC8 /* NotificationController.m */,
				4DD8863A19C78EA7003C7CE2 /* UserController.h */,
				4DD8863B19C78EA7003C7CE2 /* UserController.m */,
			);
			name = BackEndControllers;
			sourceTree = "<group>";
		};
		4D4C612119B4D2A7003AB18B /* CoreDataObjects */ = {
			isa = PBXGroup;
			children = (
				4D4C612819B517C7003AB18B /* Contact.h */,
				4D4C612919B517C7003AB18B /* Contact.m */,
				4D48C66819BB984100D09FDA /* User.h */,
				4D48C66919BB984100D09FDA /* User.m */,
			);
			name = CoreDataObjects;
			sourceTree = "<group>";
		};
		4D4C612B19B52CD7003AB18B /* UIColor+Hex */ = {
			isa = PBXGroup;
			children = (
				4D4C612F19B52D41003AB18B /* UIColor+Hex.h */,
				4D4C613019B52D41003AB18B /* UIColor+Hex.m */,
			);
			name = "UIColor+Hex";
			sourceTree = "<group>";
		};
		4D5BD6D819CF254700B7BC01 /* NSString+Hash */ = {
			isa = PBXGroup;
			children = (
				4D5BD6D919CF256200B7BC01 /* NSString+Hash.h */,
				4D5BD6DA19CF256200B7BC01 /* NSString+Hash.m */,
			);
			name = "NSString+Hash";
			sourceTree = "<group>";
		};
		4D62F4AA19D8B108008219AC /* AppIcons */ = {
			isa = PBXGroup;
			children = (
				4D62F4AB19D8B1D0008219AC /* icon_1024_1024.png */,
			);
			name = AppIcons;
			sourceTree = "<group>";
		};
		4D79C3A119D3C0B700CEB1E4 /* UIView+Shake */ = {
			isa = PBXGroup;
			children = (
				4D79C3A219D3C18600CEB1E4 /* UIView+Shake.h */,
				4D79C3A319D3C18600CEB1E4 /* UIView+Shake.m */,
			);
			name = "UIView+Shake";
			sourceTree = "<group>";
		};
		4D8267B819B3BA6E00076974 = {
			isa = PBXGroup;
			children = (
				4DD698AD19C4F29B00D9D65D /* Frameworks */,
				4DD698B219C54EC200D9D65D /* Images */,
				4D8267C219B3BA6E00076974 /* Products */,
				4D8267C319B3BA6E00076974 /* WheArU */,
				4D8267DD19B3BA6E00076974 /* WheArUTests */,
			);
			sourceTree = "<group>";
		};
		4D8267C219B3BA6E00076974 /* Products */ = {
			isa = PBXGroup;
			children = (
				4D8267C119B3BA6E00076974 /* PingPong.app */,
			);
			name = Products;
			sourceTree = "<group>";
		};
		4D8267C319B3BA6E00076974 /* WheArU */ = {
			isa = PBXGroup;
			children = (
				4D8267C819B3BA6E00076974 /* AppDelegate.h */,
				4D8267C919B3BA6E00076974 /* AppDelegate.m */,
				4D4C611519B4CFC3003AB18B /* BackEndControllers */,
				4D4C612119B4D2A7003AB18B /* CoreDataObjects */,
				4D8267F219B4036300076974 /* HelperClasses */,
				4D8267D419B3BA6E00076974 /* Images.xcassets */,
				4D49A8A319CFDCD900F8B382 /* LaunchScreen.xib */,
				4D8267D119B3BA6E00076974 /* Main.storyboard */,
				4D8267C419B3BA6E00076974 /* Supporting Files */,
				4D8267EE19B3D26D00076974 /* ViewControllers */,
				4D5BD6D519CF179000B7BC01 /* WAUConstant.h */,
				4D5BD6D619CF179000B7BC01 /* WAUConstant.m */,
				4DD8A3F819D909D8009FFB41 /* WAUUtilities.h */,
				4DD8A3F919D909D8009FFB41 /* WAUUtilities.m */,
				4D8267CB19B3BA6E00076974 /* WheArU.xcdatamodeld */,
			);
			path = WheArU;
			sourceTree = "<group>";
		};
		4D8267C419B3BA6E00076974 /* Supporting Files */ = {
			isa = PBXGroup;
			children = (
				4D8267C519B3BA6E00076974 /* Info.plist */,
				4D8267C619B3BA6E00076974 /* main.m */,
			);
			name = "Supporting Files";
			sourceTree = "<group>";
		};
		4D8267DD19B3BA6E00076974 /* WheArUTests */ = {
			isa = PBXGroup;
			children = (
				4D8267E019B3BA6E00076974 /* WheArUTests.m */,
				4D8267DE19B3BA6E00076974 /* Supporting Files */,
			);
			path = WheArUTests;
			sourceTree = "<group>";
		};
		4D8267DE19B3BA6E00076974 /* Supporting Files */ = {
			isa = PBXGroup;
			children = (
				4D8267DF19B3BA6E00076974 /* Info.plist */,
			);
			name = "Supporting Files";
			sourceTree = "<group>";
		};
		4D8267EE19B3D26D00076974 /* ViewControllers */ = {
			isa = PBXGroup;
			children = (
				4D8C11DC19C66A3B00698F6D /* AddContacts */,
				4D4C611019B4CB82003AB18B /* ContactList */,
				4D09BF7919D0C1FB0009D0CF /* ContactMap */,
				4D48C67B19BD20CE00D09FDA /* Registration */,
				4D48C67719BCCF7A00D09FDA /* UpdateUserInfo */,
			);
			name = ViewControllers;
			sourceTree = "<group>";
		};
		4D8267F219B4036300076974 /* HelperClasses */ = {
			isa = PBXGroup;
			children = (
				4D79C3A119D3C0B700CEB1E4 /* UIView+Shake */,
				4D1A983A19D200650017CC7D /* MKMapView+SharedInstance */,
				4D09BF8D19D125390009D0CF /* MKCircle+ContactController */,
				4D44828719CBC119007E3220 /* NSData+HexConversion */,
				4D5BD6D819CF254700B7BC01 /* NSString+Hash */,
				4DD698A719C4F26800D9D65D /* Reachability */,
				4DEAF5AA19C886AA00CC1EC8 /* RNCryptor */,
				4D4C612B19B52CD7003AB18B /* UIColor+Hex */,
				4DD698B119C4FC6E00D9D65D /* WAULog */,
				4DF6EAB919CA007C001BC176 /* WAUServerConnector */,
			);
			name = HelperClasses;
			sourceTree = "<group>";
		};
		4D8C11D719C6377E00698F6D /* QRCode */ = {
			isa = PBXGroup;
			children = (
				4D8C11D819C637B600698F6D /* IDCardViewController.h */,
				4D8C11D919C637B600698F6D /* IDCardViewController.m */,
			);
			name = QRCode;
			sourceTree = "<group>";
		};
		4D8C11DC19C66A3B00698F6D /* AddContacts */ = {
			isa = PBXGroup;
			children = (
				4D8C11D719C6377E00698F6D /* QRCode */,
				4D8C11DD19C66A7700698F6D /* AddContactWithQRCodeViewController.h */,
				4D8C11DE19C66A7700698F6D /* AddContactWithQRCodeViewController.m */,
			);
			name = AddContacts;
			sourceTree = "<group>";
		};
		4DD698A719C4F26800D9D65D /* Reachability */ = {
			isa = PBXGroup;
			children = (
				4DD698A819C4F27F00D9D65D /* Reachability.h */,
				4DD698A919C4F27F00D9D65D /* Reachability.m */,
				4DF6EAB619C9FD32001BC176 /* Reachability+SharedInstance.h */,
				4DF6EAB719C9FD32001BC176 /* Reachability+SharedInstance.m */,
			);
			name = Reachability;
			sourceTree = "<group>";
		};
		4DD698AD19C4F29B00D9D65D /* Frameworks */ = {
			isa = PBXGroup;
			children = (
				4DEAF5A419C87C0200CC1EC8 /* AVFoundation.framework */,
				4DD3F54A19CB42F700A77C1C /* CoreData.framework */,
				4D54BCE819D8C02D004F2591 /* CoreGraphics.framework */,
				4DD3F54C19CB42FD00A77C1C /* CoreLocation.framework */,
				4D54BCE219D8BFBF004F2591 /* Foundation.framework */,
				4DB408D619D8C33300397D6F /* ImageIO.framework */,
				4D49A89F19CFCF1400F8B382 /* MapKit.framework */,
				4D79C39F19D3C08D00CEB1E4 /* QuartzCore.framework */,
				4D44827F19CB949E007E3220 /* Security.framework */,
				4DD698AB19C4F29700D9D65D /* SystemConfiguration.framework */,
				4D54BCE019D8BFB4004F2591 /* UIKit.framework */,
			);
			name = Frameworks;
			sourceTree = "<group>";
		};
		4DD698B119C4FC6E00D9D65D /* WAULog */ = {
			isa = PBXGroup;
			children = (
				4DD698AE19C4FC6A00D9D65D /* WAULog.h */,
				4DD698AF19C4FC6A00D9D65D /* WAULog.m */,
			);
			name = WAULog;
			sourceTree = "<group>";
		};
		4DD698B219C54EC200D9D65D /* Images */ = {
			isa = PBXGroup;
			children = (
				4D62F4AA19D8B108008219AC /* AppIcons */,
				4DEDDD4B19D63B0500CA94C7 /* ButtonIcons */,
				4DEDDD4C19D63B1D00CA94C7 /* PingIcons */,
			);
			name = Images;
			sourceTree = "<group>";
		};
		4DEAF5AA19C886AA00CC1EC8 /* RNCryptor */ = {
			isa = PBXGroup;
			children = (
				4DEAF5AB19C886BB00CC1EC8 /* RNCryptor-Prefix.pch */,
				4DEAF5AC19C886BB00CC1EC8 /* RNCryptor.h */,
				4DEAF5AD19C886BB00CC1EC8 /* RNCryptor.m */,
				4DEAF5AE19C886BB00CC1EC8 /* RNCryptor+Private.h */,
				4DEAF5AF19C886BB00CC1EC8 /* RNCryptorEngine.h */,
				4DEAF5B019C886BB00CC1EC8 /* RNCryptorEngine.m */,
				4DEAF5B119C886BB00CC1EC8 /* RNDecryptor.h */,
				4DEAF5B219C886BB00CC1EC8 /* RNDecryptor.m */,
				4DEAF5B319C886BB00CC1EC8 /* RNEncryptor.h */,
				4DEAF5B419C886BB00CC1EC8 /* RNEncryptor.m */,
			);
			name = RNCryptor;
			sourceTree = "<group>";
		};
		4DEDDD4B19D63B0500CA94C7 /* ButtonIcons */ = {
			isa = PBXGroup;
			children = (
				4D8C11D319C6347400698F6D /* add_user.png */,
				4D8C11D419C6347400698F6D /* add_user@2x.png */,
				4D8C11CB19C6321800698F6D /* id_card.png */,
				4D8C11CC19C6321800698F6D /* id_card@2x.png */,
				4DD3F55119CB5C8500A77C1C /* locate.png */,
				4DD3F55219CB5C8500A77C1C /* locate@2x.png */,
				4D8C11CF19C6328A00698F6D /* profile_settings.png */,
				4D8C11D019C6328A00698F6D /* profile_settings@2x.png */,
				4DEDDD4819D63AFF00CA94C7 /* remove_user.png */,
				4DEDDD4719D63AFF00CA94C7 /* remove_user@2x.png */,
				4DD698B819C5510C00D9D65D /* settings.png */,
				4DD698B719C5510C00D9D65D /* settings@2x.png */,
			);
			name = ButtonIcons;
			sourceTree = "<group>";
		};
		4DEDDD4C19D63B1D00CA94C7 /* PingIcons */ = {
			isa = PBXGroup;
			children = (
				4D4D173F19D505200081798D /* ping_failed.png */,
				4D4D173E19D505200081798D /* ping_failed@2x.png */,
				4D4D173B19D503940081798D /* ping_ok.png */,
				4D4D173A19D503940081798D /* ping_ok@2x.png */,
			);
			name = PingIcons;
			sourceTree = "<group>";
		};
		4DF6EAB919CA007C001BC176 /* WAUServerConnector */ = {
			isa = PBXGroup;
			children = (
				4DF6EABA19CA00DD001BC176 /* WAUServerConnector.h */,
				4DF6EABB19CA00DD001BC176 /* WAUServerConnector.m */,
				4DF6EAC019CA0A21001BC176 /* WAUServerConnectorRequest.h */,
				4DF6EAC119CA0A21001BC176 /* WAUServerConnectorRequest.m */,
			);
			name = WAUServerConnector;
			sourceTree = "<group>";
		};
/* End PBXGroup section */

/* Begin PBXNativeTarget section */
		4D8267C019B3BA6E00076974 /* WheArU */ = {
			isa = PBXNativeTarget;
			buildConfigurationList = 4D8267E419B3BA6E00076974 /* Build configuration list for PBXNativeTarget "WheArU" */;
			buildPhases = (
				4D8267BD19B3BA6E00076974 /* Sources */,
				4D8267BE19B3BA6E00076974 /* Frameworks */,
				4D8267BF19B3BA6E00076974 /* Resources */,
			);
			buildRules = (
			);
			dependencies = (
			);
			name = WheArU;
			productName = WheArU;
			productReference = 4D8267C119B3BA6E00076974 /* PingPong.app */;
			productType = "com.apple.product-type.application";
		};
/* End PBXNativeTarget section */

/* Begin PBXProject section */
		4D8267B919B3BA6E00076974 /* Project object */ = {
			isa = PBXProject;
			attributes = {
				LastUpgradeCheck = 0600;
				ORGANIZATIONNAME = "Hok Man Ng";
				TargetAttributes = {
					4D8267C019B3BA6E00076974 = {
						CreatedOnToolsVersion = 6.0;
						DevelopmentTeam = SCWYZHQGMF;
						SystemCapabilities = {
							com.apple.BackgroundModes = {
								enabled = 1;
							};
						};
					};
				};
			};
			buildConfigurationList = 4D8267BC19B3BA6E00076974 /* Build configuration list for PBXProject "WheArU" */;
			compatibilityVersion = "Xcode 3.2";
			developmentRegion = English;
			hasScannedForEncodings = 0;
			knownRegions = (
				en,
				Base,
			);
			mainGroup = 4D8267B819B3BA6E00076974;
			productRefGroup = 4D8267C219B3BA6E00076974 /* Products */;
			projectDirPath = "";
			projectRoot = "";
			targets = (
				4D8267C019B3BA6E00076974 /* WheArU */,
			);
		};
/* End PBXProject section */

/* Begin PBXResourcesBuildPhase section */
		4D8267BF19B3BA6E00076974 /* Resources */ = {
			isa = PBXResourcesBuildPhase;
			buildActionMask = 2147483647;
			files = (
				4DD3F55319CB5C8500A77C1C /* locate.png in Resources */,
				4D4D174019D505200081798D /* ping_failed@2x.png in Resources */,
				4DD698BA19C5510C00D9D65D /* settings.png in Resources */,
				4D4D173D19D503940081798D /* ping_ok.png in Resources */,
				4D4D174119D505200081798D /* ping_failed.png in Resources */,
				4D8C11D119C6328A00698F6D /* profile_settings.png in Resources */,
				4D8C11D519C6347400698F6D /* add_user.png in Resources */,
				4D8C11CE19C6321800698F6D /* id_card@2x.png in Resources */,
				4D8C11CD19C6321800698F6D /* id_card.png in Resources */,
				4DD3F55419CB5C8500A77C1C /* locate@2x.png in Resources */,
				4D8267D319B3BA6E00076974 /* Main.storyboard in Resources */,
				4D8C11D219C6328A00698F6D /* profile_settings@2x.png in Resources */,
				4D49A8A419CFDCD900F8B382 /* LaunchScreen.xib in Resources */,
				4DEDDD4A19D63AFF00CA94C7 /* remove_user.png in Resources */,
				4DD698B919C5510C00D9D65D /* settings@2x.png in Resources */,
				4D8267D519B3BA6E00076974 /* Images.xcassets in Resources */,
				4DEDDD4919D63AFF00CA94C7 /* remove_user@2x.png in Resources */,
				4D4D173C19D503940081798D /* ping_ok@2x.png in Resources */,
				4D62F4AC19D8B1D0008219AC /* icon_1024_1024.png in Resources */,
				4D8C11D619C6347400698F6D /* add_user@2x.png in Resources */,
			);
			runOnlyForDeploymentPostprocessing = 0;
		};
/* End PBXResourcesBuildPhase section */

/* Begin PBXSourcesBuildPhase section */
		4D8267BD19B3BA6E00076974 /* Sources */ = {
			isa = PBXSourcesBuildPhase;
			buildActionMask = 2147483647;
			files = (
				4D09BF9019D1254D0009D0CF /* MKCircle+ContactController.m in Sources */,
				4DD8A3FA19D909D8009FFB41 /* WAUUtilities.m in Sources */,
				4DEAF5A119C8767300CC1EC8 /* EncryptionController.m in Sources */,
				4D4C612A19B517C7003AB18B /* Contact.m in Sources */,
				4DEAF5BE19C933DC00CC1EC8 /* NotificationController.m in Sources */,
				4DD8863C19C78EA7003C7CE2 /* UserController.m in Sources */,
				4D4C611319B4CBAE003AB18B /* ContactListTableViewCell.m in Sources */,
				4D8267F119B3D29400076974 /* ContactListViewController.m in Sources */,
				4D48C67A19BCD1EF00D09FDA /* UpdateUserIconViewController.m in Sources */,
				4DF6EAB819C9FD32001BC176 /* Reachability+SharedInstance.m in Sources */,
				4DF76E2B19CFC91B001BCE04 /* ContactMapViewController.m in Sources */,
				4DEAF5B819C886BB00CC1EC8 /* RNEncryptor.m in Sources */,
				4DEAF5B519C886BB00CC1EC8 /* RNCryptor.m in Sources */,
				4D5BD6D719CF179000B7BC01 /* WAUConstant.m in Sources */,
				4DD698B019C4FC6A00D9D65D /* WAULog.m in Sources */,
				4D1A983D19D2007C0017CC7D /* MKMapView+SharedInstance.m in Sources */,
				4D8267CA19B3BA6E00076974 /* AppDelegate.m in Sources */,
				4DD3F55019CB433000A77C1C /* LocationController.m in Sources */,
				4DEAF5B719C886BB00CC1EC8 /* RNDecryptor.m in Sources */,
				4D48C67619BCCDC300D09FDA /* UpdateUsernameViewController.m in Sources */,
				4DD8863F19C79981003C7CE2 /* ContactController.m in Sources */,
				4D09BF7C19D0C2360009D0CF /* ContactMapAnnotation.m in Sources */,
				4D8C11DA19C637B600698F6D /* IDCardViewController.m in Sources */,
				4D4C613119B52D41003AB18B /* UIColor+Hex.m in Sources */,
				4D8267C719B3BA6E00076974 /* main.m in Sources */,
				4DF6EABC19CA00DD001BC176 /* WAUServerConnector.m in Sources */,
				4DD8863919C785B1003C7CE2 /* EntityController.m in Sources */,
				4DF6EAC219CA0A21001BC176 /* WAUServerConnectorRequest.m in Sources */,
				4D5BD6DB19CF256200B7BC01 /* NSString+Hash.m in Sources */,
				4D8C62DE19B6B7E900F59CFF /* UsernameViewController.m in Sources */,
				4D8C11DF19C66A7700698F6D /* AddContactWithQRCodeViewController.m in Sources */,
				4D48C66A19BB984100D09FDA /* User.m in Sources */,
				4D48C67319BCC92800D09FDA /* UpdateUserColorViewController.m in Sources */,
				4D09BF7F19D0CD840009D0CF /* ContactMapAnnotationView.m in Sources */,
				4D79C3A419D3C18600CEB1E4 /* UIView+Shake.m in Sources */,
				4D44828A19CBC133007E3220 /* NSData+Conversion.m in Sources */,
				4D8C62DB19B6B00900F59CFF /* RegistrationViewController.m in Sources */,
				4D4C611819B4D01B003AB18B /* ContactListController.m in Sources */,
				4DEAF5B619C886BB00CC1EC8 /* RNCryptorEngine.m in Sources */,
				4D8267CD19B3BA6E00076974 /* WheArU.xcdatamodeld in Sources */,
				4DD698AA19C4F27F00D9D65D /* Reachability.m in Sources */,
			);
			runOnlyForDeploymentPostprocessing = 0;
		};
/* End PBXSourcesBuildPhase section */

/* Begin PBXVariantGroup section */
		4D8267D119B3BA6E00076974 /* Main.storyboard */ = {
			isa = PBXVariantGroup;
			children = (
				4D8267D219B3BA6E00076974 /* Base */,
				4DB408D919D8C49A00397D6F /* en */,
			);
			name = Main.storyboard;
			sourceTree = "<group>";
		};
/* End PBXVariantGroup section */

/* Begin XCBuildConfiguration section */
		4D8267E219B3BA6E00076974 /* Debug */ = {
			isa = XCBuildConfiguration;
			buildSettings = {
				ALWAYS_SEARCH_USER_PATHS = NO;
				CLANG_CXX_LANGUAGE_STANDARD = "gnu++0x";
				CLANG_CXX_LIBRARY = "libc++";
				CLANG_ENABLE_MODULES = YES;
				CLANG_ENABLE_OBJC_ARC = YES;
				CLANG_WARN_BOOL_CONVERSION = YES;
				CLANG_WARN_CONSTANT_CONVERSION = YES;
				CLANG_WARN_DIRECT_OBJC_ISA_USAGE = YES_ERROR;
				CLANG_WARN_EMPTY_BODY = YES;
				CLANG_WARN_ENUM_CONVERSION = YES;
				CLANG_WARN_INT_CONVERSION = YES;
				CLANG_WARN_OBJC_ROOT_CLASS = YES_ERROR;
				CLANG_WARN_UNREACHABLE_CODE = YES;
				CLANG_WARN__DUPLICATE_METHOD_MATCH = YES;
				"CODE_SIGN_IDENTITY[sdk=iphoneos*]" = "iPhone Developer";
				COPY_PHASE_STRIP = NO;
				ENABLE_STRICT_OBJC_MSGSEND = YES;
				GCC_C_LANGUAGE_STANDARD = gnu99;
				GCC_DYNAMIC_NO_PIC = NO;
				GCC_OPTIMIZATION_LEVEL = 0;
				GCC_PREPROCESSOR_DEFINITIONS = (
					"DEBUG=1",
					"$(inherited)",
				);
				GCC_SYMBOLS_PRIVATE_EXTERN = NO;
				GCC_WARN_64_TO_32_BIT_CONVERSION = YES;
				GCC_WARN_ABOUT_RETURN_TYPE = YES_ERROR;
				GCC_WARN_UNDECLARED_SELECTOR = YES;
				GCC_WARN_UNINITIALIZED_AUTOS = YES_AGGRESSIVE;
				GCC_WARN_UNUSED_FUNCTION = YES;
				GCC_WARN_UNUSED_VARIABLE = YES;
				IPHONEOS_DEPLOYMENT_TARGET = 8.0;
				MTL_ENABLE_DEBUG_INFO = YES;
				ONLY_ACTIVE_ARCH = YES;
				SDKROOT = iphoneos;
				TARGETED_DEVICE_FAMILY = "1,2";
			};
			name = Debug;
		};
		4D8267E319B3BA6E00076974 /* Release */ = {
			isa = XCBuildConfiguration;
			buildSettings = {
				ALWAYS_SEARCH_USER_PATHS = NO;
				CLANG_CXX_LANGUAGE_STANDARD = "gnu++0x";
				CLANG_CXX_LIBRARY = "libc++";
				CLANG_ENABLE_MODULES = YES;
				CLANG_ENABLE_OBJC_ARC = YES;
				CLANG_WARN_BOOL_CONVERSION = YES;
				CLANG_WARN_CONSTANT_CONVERSION = YES;
				CLANG_WARN_DIRECT_OBJC_ISA_USAGE = YES_ERROR;
				CLANG_WARN_EMPTY_BODY = YES;
				CLANG_WARN_ENUM_CONVERSION = YES;
				CLANG_WARN_INT_CONVERSION = YES;
				CLANG_WARN_OBJC_ROOT_CLASS = YES_ERROR;
				CLANG_WARN_UNREACHABLE_CODE = YES;
				CLANG_WARN__DUPLICATE_METHOD_MATCH = YES;
				"CODE_SIGN_IDENTITY[sdk=iphoneos*]" = "iPhone Developer";
				COPY_PHASE_STRIP = YES;
				ENABLE_NS_ASSERTIONS = NO;
				ENABLE_STRICT_OBJC_MSGSEND = YES;
				GCC_C_LANGUAGE_STANDARD = gnu99;
				GCC_WARN_64_TO_32_BIT_CONVERSION = YES;
				GCC_WARN_ABOUT_RETURN_TYPE = YES_ERROR;
				GCC_WARN_UNDECLARED_SELECTOR = YES;
				GCC_WARN_UNINITIALIZED_AUTOS = YES_AGGRESSIVE;
				GCC_WARN_UNUSED_FUNCTION = YES;
				GCC_WARN_UNUSED_VARIABLE = YES;
				IPHONEOS_DEPLOYMENT_TARGET = 8.0;
				MTL_ENABLE_DEBUG_INFO = NO;
				SDKROOT = iphoneos;
				TARGETED_DEVICE_FAMILY = "1,2";
				VALIDATE_PRODUCT = YES;
			};
			name = Release;
		};
		4D8267E519B3BA6E00076974 /* Debug */ = {
			isa = XCBuildConfiguration;
			buildSettings = {
				ARCHS = "$(ARCHS_STANDARD)";
				ASSETCATALOG_COMPILER_APPICON_NAME = AppIcon;
				CLANG_ENABLE_MODULES = YES;
				CODE_SIGN_IDENTITY = "iPhone Developer";
				"CODE_SIGN_IDENTITY[sdk=iphoneos*]" = "iPhone Developer";
				INFOPLIST_FILE = WheArU/Info.plist;
				IPHONEOS_DEPLOYMENT_TARGET = 8.0;
				LD_RUNPATH_SEARCH_PATHS = "$(inherited) @executable_path/Frameworks";
				LIBRARY_SEARCH_PATHS = (
					"$(inherited)",
					"$(SDKROOT)/usr/lib/system",
				);
				ONLY_ACTIVE_ARCH = YES;
				PRODUCT_NAME = PingPong;
				PROVISIONING_PROFILE = "";
				SWIFT_OBJC_BRIDGING_HEADER = "WheArU/WheArU-Bridging-Header.h";
				SWIFT_OPTIMIZATION_LEVEL = "-Onone";
			};
			name = Debug;
		};
		4D8267E619B3BA6E00076974 /* Release */ = {
			isa = XCBuildConfiguration;
			buildSettings = {
				ARCHS = "$(ARCHS_STANDARD)";
				ASSETCATALOG_COMPILER_APPICON_NAME = AppIcon;
				CLANG_ENABLE_MODULES = YES;
				CODE_SIGN_IDENTITY = "iPhone Developer";
				"CODE_SIGN_IDENTITY[sdk=iphoneos*]" = "iPhone Developer";
				INFOPLIST_FILE = WheArU/Info.plist;
				IPHONEOS_DEPLOYMENT_TARGET = 8.0;
				LD_RUNPATH_SEARCH_PATHS = "$(inherited) @executable_path/Frameworks";
				LIBRARY_SEARCH_PATHS = (
					"$(inherited)",
					"$(SDKROOT)/usr/lib/system",
				);
				PRODUCT_NAME = PingPong;
				PROVISIONING_PROFILE = "";
				SWIFT_OBJC_BRIDGING_HEADER = "WheArU/WheArU-Bridging-Header.h";
			};
			name = Release;
		};
/* End XCBuildConfiguration section */

/* Begin XCConfigurationList section */
		4D8267BC19B3BA6E00076974 /* Build configuration list for PBXProject "WheArU" */ = {
			isa = XCConfigurationList;
			buildConfigurations = (
				4D8267E219B3BA6E00076974 /* Debug */,
				4D8267E319B3BA6E00076974 /* Release */,
			);
			defaultConfigurationIsVisible = 0;
			defaultConfigurationName = Release;
		};
		4D8267E419B3BA6E00076974 /* Build configuration list for PBXNativeTarget "WheArU" */ = {
			isa = XCConfigurationList;
			buildConfigurations = (
				4D8267E519B3BA6E00076974 /* Debug */,
				4D8267E619B3BA6E00076974 /* Release */,
			);
			defaultConfigurationIsVisible = 0;
			defaultConfigurationName = Release;
		};
/* End XCConfigurationList section */

/* Begin XCVersionGroup section */
		4D8267CB19B3BA6E00076974 /* WheArU.xcdatamodeld */ = {
			isa = XCVersionGroup;
			children = (
				4D4D173919D4F9AC0081798D /* WheArU 2.xcdatamodel */,
				4D8267CC19B3BA6E00076974 /* WheArU.xcdatamodel */,
			);
			currentVersion = 4D4D173919D4F9AC0081798D /* WheArU 2.xcdatamodel */;
			path = WheArU.xcdatamodeld;
			sourceTree = "<group>";
			versionGroupType = wrapper.xcdatamodel;
		};
/* End XCVersionGroup section */
	};
	rootObject = 4D8267B919B3BA6E00076974 /* Project object */;
}
