// !$*UTF8*$!
{
	archiveVersion = 1;
	classes = {
	};
	objectVersion = 46;
	objects = {

/* Begin PBXBuildFile section */
		4D48C66A19BB984100D09FDA /* User.m in Sources */ = {isa = PBXBuildFile; fileRef = 4D48C66919BB984100D09FDA /* User.m */; };
		4D48C66D19BB9E4300D09FDA /* UserController.m in Sources */ = {isa = PBXBuildFile; fileRef = 4D48C66C19BB9E4300D09FDA /* UserController.m */; };
		4D48C67319BCC92800D09FDA /* UpdateUserColorViewController.m in Sources */ = {isa = PBXBuildFile; fileRef = 4D48C67219BCC92800D09FDA /* UpdateUserColorViewController.m */; };
		4D48C67619BCCDC300D09FDA /* UpdateUsernameViewController.m in Sources */ = {isa = PBXBuildFile; fileRef = 4D48C67519BCCDC300D09FDA /* UpdateUsernameViewController.m */; };
		4D48C67A19BCD1EF00D09FDA /* UpdateUserIconViewController.m in Sources */ = {isa = PBXBuildFile; fileRef = 4D48C67919BCD1EF00D09FDA /* UpdateUserIconViewController.m */; };
		4D4C611319B4CBAE003AB18B /* ContactListTableViewCell.m in Sources */ = {isa = PBXBuildFile; fileRef = 4D4C611219B4CBAE003AB18B /* ContactListTableViewCell.m */; };
		4D4C611819B4D01B003AB18B /* ContactListController.m in Sources */ = {isa = PBXBuildFile; fileRef = 4D4C611719B4D01B003AB18B /* ContactListController.m */; };
		4D4C612A19B517C7003AB18B /* Contact.m in Sources */ = {isa = PBXBuildFile; fileRef = 4D4C612919B517C7003AB18B /* Contact.m */; };
		4D4C613119B52D41003AB18B /* UIColor+Hex.m in Sources */ = {isa = PBXBuildFile; fileRef = 4D4C613019B52D41003AB18B /* UIColor+Hex.m */; };
		4D8267C719B3BA6E00076974 /* main.m in Sources */ = {isa = PBXBuildFile; fileRef = 4D8267C619B3BA6E00076974 /* main.m */; };
		4D8267CA19B3BA6E00076974 /* AppDelegate.m in Sources */ = {isa = PBXBuildFile; fileRef = 4D8267C919B3BA6E00076974 /* AppDelegate.m */; };
		4D8267CD19B3BA6E00076974 /* WheArU.xcdatamodeld in Sources */ = {isa = PBXBuildFile; fileRef = 4D8267CB19B3BA6E00076974 /* WheArU.xcdatamodeld */; };
		4D8267D319B3BA6E00076974 /* Main.storyboard in Resources */ = {isa = PBXBuildFile; fileRef = 4D8267D119B3BA6E00076974 /* Main.storyboard */; };
		4D8267D519B3BA6E00076974 /* Images.xcassets in Resources */ = {isa = PBXBuildFile; fileRef = 4D8267D419B3BA6E00076974 /* Images.xcassets */; };
		4D8267E119B3BA6E00076974 /* WheArUTests.m in Sources */ = {isa = PBXBuildFile; fileRef = 4D8267E019B3BA6E00076974 /* WheArUTests.m */; };
		4D8267F119B3D29400076974 /* ContactListViewController.m in Sources */ = {isa = PBXBuildFile; fileRef = 4D8267F019B3D29400076974 /* ContactListViewController.m */; };
		4D8267F619B403C300076974 /* HVTableView.m in Sources */ = {isa = PBXBuildFile; fileRef = 4D8267F519B403C300076974 /* HVTableView.m */; };
		4D8C62DB19B6B00900F59CFF /* RegistrationViewController.m in Sources */ = {isa = PBXBuildFile; fileRef = 4D8C62DA19B6B00900F59CFF /* RegistrationViewController.m */; };
		4D8C62DE19B6B7E900F59CFF /* UsernameViewController.m in Sources */ = {isa = PBXBuildFile; fileRef = 4D8C62DD19B6B7E900F59CFF /* UsernameViewController.m */; };
/* End PBXBuildFile section */

/* Begin PBXContainerItemProxy section */
		4D8267DB19B3BA6E00076974 /* PBXContainerItemProxy */ = {
			isa = PBXContainerItemProxy;
			containerPortal = 4D8267B919B3BA6E00076974 /* Project object */;
			proxyType = 1;
			remoteGlobalIDString = 4D8267C019B3BA6E00076974;
			remoteInfo = WheArU;
		};
/* End PBXContainerItemProxy section */

/* Begin PBXFileReference section */
		4D48C66819BB984100D09FDA /* User.h */ = {isa = PBXFileReference; fileEncoding = 4; lastKnownFileType = sourcecode.c.h; path = User.h; sourceTree = "<group>"; };
		4D48C66919BB984100D09FDA /* User.m */ = {isa = PBXFileReference; fileEncoding = 4; lastKnownFileType = sourcecode.c.objc; path = User.m; sourceTree = "<group>"; };
		4D48C66B19BB9E4300D09FDA /* UserController.h */ = {isa = PBXFileReference; fileEncoding = 4; lastKnownFileType = sourcecode.c.h; path = UserController.h; sourceTree = "<group>"; };
		4D48C66C19BB9E4300D09FDA /* UserController.m */ = {isa = PBXFileReference; fileEncoding = 4; lastKnownFileType = sourcecode.c.objc; path = UserController.m; sourceTree = "<group>"; };
		4D48C67119BCC92800D09FDA /* UpdateUserColorViewController.h */ = {isa = PBXFileReference; fileEncoding = 4; lastKnownFileType = sourcecode.c.h; path = UpdateUserColorViewController.h; sourceTree = "<group>"; };
		4D48C67219BCC92800D09FDA /* UpdateUserColorViewController.m */ = {isa = PBXFileReference; fileEncoding = 4; lastKnownFileType = sourcecode.c.objc; path = UpdateUserColorViewController.m; sourceTree = "<group>"; };
		4D48C67419BCCDC300D09FDA /* UpdateUsernameViewController.h */ = {isa = PBXFileReference; fileEncoding = 4; lastKnownFileType = sourcecode.c.h; path = UpdateUsernameViewController.h; sourceTree = "<group>"; };
		4D48C67519BCCDC300D09FDA /* UpdateUsernameViewController.m */ = {isa = PBXFileReference; fileEncoding = 4; lastKnownFileType = sourcecode.c.objc; path = UpdateUsernameViewController.m; sourceTree = "<group>"; };
		4D48C67819BCD1EF00D09FDA /* UpdateUserIconViewController.h */ = {isa = PBXFileReference; fileEncoding = 4; lastKnownFileType = sourcecode.c.h; path = UpdateUserIconViewController.h; sourceTree = "<group>"; };
		4D48C67919BCD1EF00D09FDA /* UpdateUserIconViewController.m */ = {isa = PBXFileReference; fileEncoding = 4; lastKnownFileType = sourcecode.c.objc; path = UpdateUserIconViewController.m; sourceTree = "<group>"; };
		4D4C611119B4CBAE003AB18B /* ContactListTableViewCell.h */ = {isa = PBXFileReference; fileEncoding = 4; lastKnownFileType = sourcecode.c.h; path = ContactListTableViewCell.h; sourceTree = "<group>"; };
		4D4C611219B4CBAE003AB18B /* ContactListTableViewCell.m */ = {isa = PBXFileReference; fileEncoding = 4; lastKnownFileType = sourcecode.c.objc; path = ContactListTableViewCell.m; sourceTree = "<group>"; };
		4D4C611619B4D01B003AB18B /* ContactListController.h */ = {isa = PBXFileReference; fileEncoding = 4; lastKnownFileType = sourcecode.c.h; path = ContactListController.h; sourceTree = "<group>"; };
		4D4C611719B4D01B003AB18B /* ContactListController.m */ = {isa = PBXFileReference; fileEncoding = 4; lastKnownFileType = sourcecode.c.objc; path = ContactListController.m; sourceTree = "<group>"; };
		4D4C612819B517C7003AB18B /* Contact.h */ = {isa = PBXFileReference; fileEncoding = 4; lastKnownFileType = sourcecode.c.h; path = Contact.h; sourceTree = "<group>"; };
		4D4C612919B517C7003AB18B /* Contact.m */ = {isa = PBXFileReference; fileEncoding = 4; lastKnownFileType = sourcecode.c.objc; path = Contact.m; sourceTree = "<group>"; };
		4D4C612F19B52D41003AB18B /* UIColor+Hex.h */ = {isa = PBXFileReference; fileEncoding = 4; lastKnownFileType = sourcecode.c.h; path = "UIColor+Hex.h"; sourceTree = "<group>"; };
		4D4C613019B52D41003AB18B /* UIColor+Hex.m */ = {isa = PBXFileReference; fileEncoding = 4; lastKnownFileType = sourcecode.c.objc; path = "UIColor+Hex.m"; sourceTree = "<group>"; };
		4D8267C119B3BA6E00076974 /* WheArU.app */ = {isa = PBXFileReference; explicitFileType = wrapper.application; includeInIndex = 0; path = WheArU.app; sourceTree = BUILT_PRODUCTS_DIR; };
		4D8267C519B3BA6E00076974 /* Info.plist */ = {isa = PBXFileReference; lastKnownFileType = text.plist.xml; path = Info.plist; sourceTree = "<group>"; };
		4D8267C619B3BA6E00076974 /* main.m */ = {isa = PBXFileReference; lastKnownFileType = sourcecode.c.objc; path = main.m; sourceTree = "<group>"; };
		4D8267C819B3BA6E00076974 /* AppDelegate.h */ = {isa = PBXFileReference; lastKnownFileType = sourcecode.c.h; path = AppDelegate.h; sourceTree = "<group>"; };
		4D8267C919B3BA6E00076974 /* AppDelegate.m */ = {isa = PBXFileReference; lastKnownFileType = sourcecode.c.objc; path = AppDelegate.m; sourceTree = "<group>"; };
		4D8267CC19B3BA6E00076974 /* WheArU.xcdatamodel */ = {isa = PBXFileReference; lastKnownFileType = wrapper.xcdatamodel; path = WheArU.xcdatamodel; sourceTree = "<group>"; };
		4D8267D219B3BA6E00076974 /* Base */ = {isa = PBXFileReference; lastKnownFileType = file.storyboard; name = Base; path = Base.lproj/Main.storyboard; sourceTree = "<group>"; };
		4D8267D419B3BA6E00076974 /* Images.xcassets */ = {isa = PBXFileReference; lastKnownFileType = folder.assetcatalog; path = Images.xcassets; sourceTree = "<group>"; };
		4D8267DA19B3BA6E00076974 /* WheArUTests.xctest */ = {isa = PBXFileReference; explicitFileType = wrapper.cfbundle; includeInIndex = 0; path = WheArUTests.xctest; sourceTree = BUILT_PRODUCTS_DIR; };
		4D8267DF19B3BA6E00076974 /* Info.plist */ = {isa = PBXFileReference; lastKnownFileType = text.plist.xml; path = Info.plist; sourceTree = "<group>"; };
		4D8267E019B3BA6E00076974 /* WheArUTests.m */ = {isa = PBXFileReference; lastKnownFileType = sourcecode.c.objc; path = WheArUTests.m; sourceTree = "<group>"; };
		4D8267EF19B3D29400076974 /* ContactListViewController.h */ = {isa = PBXFileReference; fileEncoding = 4; lastKnownFileType = sourcecode.c.h; path = ContactListViewController.h; sourceTree = "<group>"; };
		4D8267F019B3D29400076974 /* ContactListViewController.m */ = {isa = PBXFileReference; fileEncoding = 4; lastKnownFileType = sourcecode.c.objc; path = ContactListViewController.m; sourceTree = "<group>"; };
		4D8267F419B403C300076974 /* HVTableView.h */ = {isa = PBXFileReference; fileEncoding = 4; lastKnownFileType = sourcecode.c.h; path = HVTableView.h; sourceTree = "<group>"; };
		4D8267F519B403C300076974 /* HVTableView.m */ = {isa = PBXFileReference; fileEncoding = 4; lastKnownFileType = sourcecode.c.objc; path = HVTableView.m; sourceTree = "<group>"; };
		4D8C62D919B6B00900F59CFF /* RegistrationViewController.h */ = {isa = PBXFileReference; fileEncoding = 4; lastKnownFileType = sourcecode.c.h; path = RegistrationViewController.h; sourceTree = "<group>"; };
		4D8C62DA19B6B00900F59CFF /* RegistrationViewController.m */ = {isa = PBXFileReference; fileEncoding = 4; lastKnownFileType = sourcecode.c.objc; path = RegistrationViewController.m; sourceTree = "<group>"; };
		4D8C62DC19B6B7E900F59CFF /* UsernameViewController.h */ = {isa = PBXFileReference; fileEncoding = 4; lastKnownFileType = sourcecode.c.h; path = UsernameViewController.h; sourceTree = "<group>"; };
		4D8C62DD19B6B7E900F59CFF /* UsernameViewController.m */ = {isa = PBXFileReference; fileEncoding = 4; lastKnownFileType = sourcecode.c.objc; path = UsernameViewController.m; sourceTree = "<group>"; };
/* End PBXFileReference section */

/* Begin PBXFrameworksBuildPhase section */
		4D8267BE19B3BA6E00076974 /* Frameworks */ = {
			isa = PBXFrameworksBuildPhase;
			buildActionMask = 2147483647;
			files = (
			);
			runOnlyForDeploymentPostprocessing = 0;
		};
		4D8267D719B3BA6E00076974 /* Frameworks */ = {
			isa = PBXFrameworksBuildPhase;
			buildActionMask = 2147483647;
			files = (
			);
			runOnlyForDeploymentPostprocessing = 0;
		};
/* End PBXFrameworksBuildPhase section */

/* Begin PBXGroup section */
		4D48C67719BCCF7A00D09FDA /* UpdateUserInfo */ = {
			isa = PBXGroup;
			children = (
				4D48C67119BCC92800D09FDA /* UpdateUserColorViewController.h */,
				4D48C67219BCC92800D09FDA /* UpdateUserColorViewController.m */,
				4D48C67819BCD1EF00D09FDA /* UpdateUserIconViewController.h */,
				4D48C67919BCD1EF00D09FDA /* UpdateUserIconViewController.m */,
				4D48C67419BCCDC300D09FDA /* UpdateUsernameViewController.h */,
				4D48C67519BCCDC300D09FDA /* UpdateUsernameViewController.m */,
			);
			name = UpdateUserInfo;
			sourceTree = "<group>";
		};
		4D4C611019B4CB82003AB18B /* ContactList */ = {
			isa = PBXGroup;
			children = (
				4D4C611119B4CBAE003AB18B /* ContactListTableViewCell.h */,
				4D4C611219B4CBAE003AB18B /* ContactListTableViewCell.m */,
			);
			name = ContactList;
			sourceTree = "<group>";
		};
		4D4C611519B4CFC3003AB18B /* BackEndControllers */ = {
			isa = PBXGroup;
			children = (
				4D4C611619B4D01B003AB18B /* ContactListController.h */,
				4D4C611719B4D01B003AB18B /* ContactListController.m */,
				4D48C66B19BB9E4300D09FDA /* UserController.h */,
				4D48C66C19BB9E4300D09FDA /* UserController.m */,
			);
			name = BackEndControllers;
			sourceTree = "<group>";
		};
		4D4C612119B4D2A7003AB18B /* CoreDataObjects */ = {
			isa = PBXGroup;
			children = (
				4D4C612819B517C7003AB18B /* Contact.h */,
				4D4C612919B517C7003AB18B /* Contact.m */,
				4D48C66819BB984100D09FDA /* User.h */,
				4D48C66919BB984100D09FDA /* User.m */,
			);
			name = CoreDataObjects;
			sourceTree = "<group>";
		};
		4D4C612B19B52CD7003AB18B /* UIColor+Hex */ = {
			isa = PBXGroup;
			children = (
				4D4C612F19B52D41003AB18B /* UIColor+Hex.h */,
				4D4C613019B52D41003AB18B /* UIColor+Hex.m */,
			);
			name = "UIColor+Hex";
			sourceTree = "<group>";
		};
		4D8267B819B3BA6E00076974 = {
			isa = PBXGroup;
			children = (
				4D8267C219B3BA6E00076974 /* Products */,
				4D8267C319B3BA6E00076974 /* WheArU */,
				4D8267DD19B3BA6E00076974 /* WheArUTests */,
			);
			sourceTree = "<group>";
		};
		4D8267C219B3BA6E00076974 /* Products */ = {
			isa = PBXGroup;
			children = (
				4D8267C119B3BA6E00076974 /* WheArU.app */,
				4D8267DA19B3BA6E00076974 /* WheArUTests.xctest */,
			);
			name = Products;
			sourceTree = "<group>";
		};
		4D8267C319B3BA6E00076974 /* WheArU */ = {
			isa = PBXGroup;
			children = (
				4D8267C819B3BA6E00076974 /* AppDelegate.h */,
				4D8267C919B3BA6E00076974 /* AppDelegate.m */,
				4D4C611519B4CFC3003AB18B /* BackEndControllers */,
				4D4C612119B4D2A7003AB18B /* CoreDataObjects */,
				4D8267F219B4036300076974 /* CustomUIClasses */,
				4D8267D419B3BA6E00076974 /* Images.xcassets */,
				4D8267D119B3BA6E00076974 /* Main.storyboard */,
				4D8C62DF19B6BAFC00F59CFF /* Seques */,
				4D8267C419B3BA6E00076974 /* Supporting Files */,
				4D8267EE19B3D26D00076974 /* ViewControllers */,
				4D8267CB19B3BA6E00076974 /* WheArU.xcdatamodeld */,
			);
			path = WheArU;
			sourceTree = "<group>";
		};
		4D8267C419B3BA6E00076974 /* Supporting Files */ = {
			isa = PBXGroup;
			children = (
				4D8267C519B3BA6E00076974 /* Info.plist */,
				4D8267C619B3BA6E00076974 /* main.m */,
			);
			name = "Supporting Files";
			sourceTree = "<group>";
		};
		4D8267DD19B3BA6E00076974 /* WheArUTests */ = {
			isa = PBXGroup;
			children = (
				4D8267E019B3BA6E00076974 /* WheArUTests.m */,
				4D8267DE19B3BA6E00076974 /* Supporting Files */,
			);
			path = WheArUTests;
			sourceTree = "<group>";
		};
		4D8267DE19B3BA6E00076974 /* Supporting Files */ = {
			isa = PBXGroup;
			children = (
				4D8267DF19B3BA6E00076974 /* Info.plist */,
			);
			name = "Supporting Files";
			sourceTree = "<group>";
		};
		4D8267EE19B3D26D00076974 /* ViewControllers */ = {
			isa = PBXGroup;
			children = (
				4D4C611019B4CB82003AB18B /* ContactList */,
				4D8267EF19B3D29400076974 /* ContactListViewController.h */,
				4D8267F019B3D29400076974 /* ContactListViewController.m */,
				4D8C62D919B6B00900F59CFF /* RegistrationViewController.h */,
				4D8C62DA19B6B00900F59CFF /* RegistrationViewController.m */,
				4D48C67719BCCF7A00D09FDA /* UpdateUserInfo */,
				4D8C62DC19B6B7E900F59CFF /* UsernameViewController.h */,
				4D8C62DD19B6B7E900F59CFF /* UsernameViewController.m */,
			);
			name = ViewControllers;
			sourceTree = "<group>";
		};
		4D8267F219B4036300076974 /* CustomUIClasses */ = {
			isa = PBXGroup;
			children = (
				4D8267F319B4038900076974 /* HVTableView */,
				4D4C612B19B52CD7003AB18B /* UIColor+Hex */,
			);
			name = CustomUIClasses;
			sourceTree = "<group>";
		};
		4D8267F319B4038900076974 /* HVTableView */ = {
			isa = PBXGroup;
			children = (
				4D8267F419B403C300076974 /* HVTableView.h */,
				4D8267F519B403C300076974 /* HVTableView.m */,
			);
			name = HVTableView;
			sourceTree = "<group>";
		};
		4D8C62DF19B6BAFC00F59CFF /* Seques */ = {
			isa = PBXGroup;
			children = (
			);
			name = Seques;
			sourceTree = "<group>";
		};
/* End PBXGroup section */

/* Begin PBXNativeTarget section */
		4D8267C019B3BA6E00076974 /* WheArU */ = {
			isa = PBXNativeTarget;
			buildConfigurationList = 4D8267E419B3BA6E00076974 /* Build configuration list for PBXNativeTarget "WheArU" */;
			buildPhases = (
				4D8267BD19B3BA6E00076974 /* Sources */,
				4D8267BE19B3BA6E00076974 /* Frameworks */,
				4D8267BF19B3BA6E00076974 /* Resources */,
			);
			buildRules = (
			);
			dependencies = (
			);
			name = WheArU;
			productName = WheArU;
			productReference = 4D8267C119B3BA6E00076974 /* WheArU.app */;
			productType = "com.apple.product-type.application";
		};
		4D8267D919B3BA6E00076974 /* WheArUTests */ = {
			isa = PBXNativeTarget;
			buildConfigurationList = 4D8267E719B3BA6E00076974 /* Build configuration list for PBXNativeTarget "WheArUTests" */;
			buildPhases = (
				4D8267D619B3BA6E00076974 /* Sources */,
				4D8267D719B3BA6E00076974 /* Frameworks */,
				4D8267D819B3BA6E00076974 /* Resources */,
			);
			buildRules = (
			);
			dependencies = (
				4D8267DC19B3BA6E00076974 /* PBXTargetDependency */,
			);
			name = WheArUTests;
			productName = WheArUTests;
			productReference = 4D8267DA19B3BA6E00076974 /* WheArUTests.xctest */;
			productType = "com.apple.product-type.bundle.unit-test";
		};
/* End PBXNativeTarget section */

/* Begin PBXProject section */
		4D8267B919B3BA6E00076974 /* Project object */ = {
			isa = PBXProject;
			attributes = {
				LastUpgradeCheck = 0600;
				ORGANIZATIONNAME = "Hok Man Ng";
				TargetAttributes = {
					4D8267C019B3BA6E00076974 = {
						CreatedOnToolsVersion = 6.0;
						DevelopmentTeam = SCWYZHQGMF;
					};
					4D8267D919B3BA6E00076974 = {
						CreatedOnToolsVersion = 6.0;
						TestTargetID = 4D8267C019B3BA6E00076974;
					};
				};
			};
			buildConfigurationList = 4D8267BC19B3BA6E00076974 /* Build configuration list for PBXProject "WheArU" */;
			compatibilityVersion = "Xcode 3.2";
			developmentRegion = English;
			hasScannedForEncodings = 0;
			knownRegions = (
				en,
				Base,
			);
			mainGroup = 4D8267B819B3BA6E00076974;
			productRefGroup = 4D8267C219B3BA6E00076974 /* Products */;
			projectDirPath = "";
			projectRoot = "";
			targets = (
				4D8267C019B3BA6E00076974 /* WheArU */,
				4D8267D919B3BA6E00076974 /* WheArUTests */,
			);
		};
/* End PBXProject section */

/* Begin PBXResourcesBuildPhase section */
		4D8267BF19B3BA6E00076974 /* Resources */ = {
			isa = PBXResourcesBuildPhase;
			buildActionMask = 2147483647;
			files = (
				4D8267D319B3BA6E00076974 /* Main.storyboard in Resources */,
				4D8267D519B3BA6E00076974 /* Images.xcassets in Resources */,
			);
			runOnlyForDeploymentPostprocessing = 0;
		};
		4D8267D819B3BA6E00076974 /* Resources */ = {
			isa = PBXResourcesBuildPhase;
			buildActionMask = 2147483647;
			files = (
			);
			runOnlyForDeploymentPostprocessing = 0;
		};
/* End PBXResourcesBuildPhase section */

/* Begin PBXSourcesBuildPhase section */
		4D8267BD19B3BA6E00076974 /* Sources */ = {
			isa = PBXSourcesBuildPhase;
			buildActionMask = 2147483647;
			files = (
				4D4C612A19B517C7003AB18B /* Contact.m in Sources */,
				4D4C611319B4CBAE003AB18B /* ContactListTableViewCell.m in Sources */,
				4D8267F119B3D29400076974 /* ContactListViewController.m in Sources */,
				4D48C67A19BCD1EF00D09FDA /* UpdateUserIconViewController.m in Sources */,
				4D8267CA19B3BA6E00076974 /* AppDelegate.m in Sources */,
				4D48C67619BCCDC300D09FDA /* UpdateUsernameViewController.m in Sources */,
				4D48C66D19BB9E4300D09FDA /* UserController.m in Sources */,
				4D4C613119B52D41003AB18B /* UIColor+Hex.m in Sources */,
				4D8267C719B3BA6E00076974 /* main.m in Sources */,
				4D8267F619B403C300076974 /* HVTableView.m in Sources */,
				4D8C62DE19B6B7E900F59CFF /* UsernameViewController.m in Sources */,
				4D48C66A19BB984100D09FDA /* User.m in Sources */,
				4D48C67319BCC92800D09FDA /* UpdateUserColorViewController.m in Sources */,
				4D8C62DB19B6B00900F59CFF /* RegistrationViewController.m in Sources */,
				4D4C611819B4D01B003AB18B /* ContactListController.m in Sources */,
				4D8267CD19B3BA6E00076974 /* WheArU.xcdatamodeld in Sources */,
			);
			runOnlyForDeploymentPostprocessing = 0;
		};
		4D8267D619B3BA6E00076974 /* Sources */ = {
			isa = PBXSourcesBuildPhase;
			buildActionMask = 2147483647;
			files = (
				4D8267E119B3BA6E00076974 /* WheArUTests.m in Sources */,
			);
			runOnlyForDeploymentPostprocessing = 0;
		};
/* End PBXSourcesBuildPhase section */

/* Begin PBXTargetDependency section */
		4D8267DC19B3BA6E00076974 /* PBXTargetDependency */ = {
			isa = PBXTargetDependency;
			target = 4D8267C019B3BA6E00076974 /* WheArU */;
			targetProxy = 4D8267DB19B3BA6E00076974 /* PBXContainerItemProxy */;
		};
/* End PBXTargetDependency section */

/* Begin PBXVariantGroup section */
		4D8267D119B3BA6E00076974 /* Main.storyboard */ = {
			isa = PBXVariantGroup;
			children = (
				4D8267D219B3BA6E00076974 /* Base */,
			);
			name = Main.storyboard;
			sourceTree = "<group>";
		};
/* End PBXVariantGroup section */

/* Begin XCBuildConfiguration section */
		4D8267E219B3BA6E00076974 /* Debug */ = {
			isa = XCBuildConfiguration;
			buildSettings = {
				ALWAYS_SEARCH_USER_PATHS = NO;
				CLANG_CXX_LANGUAGE_STANDARD = "gnu++0x";
				CLANG_CXX_LIBRARY = "libc++";
				CLANG_ENABLE_MODULES = YES;
				CLANG_ENABLE_OBJC_ARC = YES;
				CLANG_WARN_BOOL_CONVERSION = YES;
				CLANG_WARN_CONSTANT_CONVERSION = YES;
				CLANG_WARN_DIRECT_OBJC_ISA_USAGE = YES_ERROR;
				CLANG_WARN_EMPTY_BODY = YES;
				CLANG_WARN_ENUM_CONVERSION = YES;
				CLANG_WARN_INT_CONVERSION = YES;
				CLANG_WARN_OBJC_ROOT_CLASS = YES_ERROR;
				CLANG_WARN_UNREACHABLE_CODE = YES;
				CLANG_WARN__DUPLICATE_METHOD_MATCH = YES;
				"CODE_SIGN_IDENTITY[sdk=iphoneos*]" = "iPhone Developer";
				COPY_PHASE_STRIP = NO;
				ENABLE_STRICT_OBJC_MSGSEND = YES;
				GCC_C_LANGUAGE_STANDARD = gnu99;
				GCC_DYNAMIC_NO_PIC = NO;
				GCC_OPTIMIZATION_LEVEL = 0;
				GCC_PREPROCESSOR_DEFINITIONS = (
					"DEBUG=1",
					"$(inherited)",
				);
				GCC_SYMBOLS_PRIVATE_EXTERN = NO;
				GCC_WARN_64_TO_32_BIT_CONVERSION = YES;
				GCC_WARN_ABOUT_RETURN_TYPE = YES_ERROR;
				GCC_WARN_UNDECLARED_SELECTOR = YES;
				GCC_WARN_UNINITIALIZED_AUTOS = YES_AGGRESSIVE;
				GCC_WARN_UNUSED_FUNCTION = YES;
				GCC_WARN_UNUSED_VARIABLE = YES;
				IPHONEOS_DEPLOYMENT_TARGET = 8.0;
				MTL_ENABLE_DEBUG_INFO = YES;
				ONLY_ACTIVE_ARCH = YES;
				SDKROOT = iphoneos;
				TARGETED_DEVICE_FAMILY = "1,2";
			};
			name = Debug;
		};
		4D8267E319B3BA6E00076974 /* Release */ = {
			isa = XCBuildConfiguration;
			buildSettings = {
				ALWAYS_SEARCH_USER_PATHS = NO;
				CLANG_CXX_LANGUAGE_STANDARD = "gnu++0x";
				CLANG_CXX_LIBRARY = "libc++";
				CLANG_ENABLE_MODULES = YES;
				CLANG_ENABLE_OBJC_ARC = YES;
				CLANG_WARN_BOOL_CONVERSION = YES;
				CLANG_WARN_CONSTANT_CONVERSION = YES;
				CLANG_WARN_DIRECT_OBJC_ISA_USAGE = YES_ERROR;
				CLANG_WARN_EMPTY_BODY = YES;
				CLANG_WARN_ENUM_CONVERSION = YES;
				CLANG_WARN_INT_CONVERSION = YES;
				CLANG_WARN_OBJC_ROOT_CLASS = YES_ERROR;
				CLANG_WARN_UNREACHABLE_CODE = YES;
				CLANG_WARN__DUPLICATE_METHOD_MATCH = YES;
				"CODE_SIGN_IDENTITY[sdk=iphoneos*]" = "iPhone Developer";
				COPY_PHASE_STRIP = YES;
				ENABLE_NS_ASSERTIONS = NO;
				ENABLE_STRICT_OBJC_MSGSEND = YES;
				GCC_C_LANGUAGE_STANDARD = gnu99;
				GCC_WARN_64_TO_32_BIT_CONVERSION = YES;
				GCC_WARN_ABOUT_RETURN_TYPE = YES_ERROR;
				GCC_WARN_UNDECLARED_SELECTOR = YES;
				GCC_WARN_UNINITIALIZED_AUTOS = YES_AGGRESSIVE;
				GCC_WARN_UNUSED_FUNCTION = YES;
				GCC_WARN_UNUSED_VARIABLE = YES;
				IPHONEOS_DEPLOYMENT_TARGET = 8.0;
				MTL_ENABLE_DEBUG_INFO = NO;
				SDKROOT = iphoneos;
				TARGETED_DEVICE_FAMILY = "1,2";
				VALIDATE_PRODUCT = YES;
			};
			name = Release;
		};
		4D8267E519B3BA6E00076974 /* Debug */ = {
			isa = XCBuildConfiguration;
			buildSettings = {
				ASSETCATALOG_COMPILER_APPICON_NAME = AppIcon;
				ASSETCATALOG_COMPILER_LAUNCHIMAGE_NAME = LaunchImage;
				CLANG_ENABLE_MODULES = YES;
				CODE_SIGN_IDENTITY = "iPhone Developer";
				"CODE_SIGN_IDENTITY[sdk=iphoneos*]" = "iPhone Developer";
				INFOPLIST_FILE = WheArU/Info.plist;
				IPHONEOS_DEPLOYMENT_TARGET = 8.0;
				LD_RUNPATH_SEARCH_PATHS = "$(inherited) @executable_path/Frameworks";
				PRODUCT_NAME = "$(TARGET_NAME)";
				PROVISIONING_PROFILE = "";
				SWIFT_OBJC_BRIDGING_HEADER = "WheArU/WheArU-Bridging-Header.h";
				SWIFT_OPTIMIZATION_LEVEL = "-Onone";
			};
			name = Debug;
		};
		4D8267E619B3BA6E00076974 /* Release */ = {
			isa = XCBuildConfiguration;
			buildSettings = {
				ASSETCATALOG_COMPILER_APPICON_NAME = AppIcon;
				ASSETCATALOG_COMPILER_LAUNCHIMAGE_NAME = LaunchImage;
				CLANG_ENABLE_MODULES = YES;
				CODE_SIGN_IDENTITY = "iPhone Developer";
				"CODE_SIGN_IDENTITY[sdk=iphoneos*]" = "iPhone Developer";
				INFOPLIST_FILE = WheArU/Info.plist;
				IPHONEOS_DEPLOYMENT_TARGET = 8.0;
				LD_RUNPATH_SEARCH_PATHS = "$(inherited) @executable_path/Frameworks";
				PRODUCT_NAME = "$(TARGET_NAME)";
				PROVISIONING_PROFILE = "";
				SWIFT_OBJC_BRIDGING_HEADER = "WheArU/WheArU-Bridging-Header.h";
			};
			name = Release;
		};
		4D8267E819B3BA6E00076974 /* Debug */ = {
			isa = XCBuildConfiguration;
			buildSettings = {
				BUNDLE_LOADER = "$(TEST_HOST)";
				FRAMEWORK_SEARCH_PATHS = (
					"$(SDKROOT)/Developer/Library/Frameworks",
					"$(inherited)",
				);
				GCC_PREPROCESSOR_DEFINITIONS = (
					"DEBUG=1",
					"$(inherited)",
				);
				INFOPLIST_FILE = WheArUTests/Info.plist;
				LD_RUNPATH_SEARCH_PATHS = "$(inherited) @executable_path/Frameworks @loader_path/Frameworks";
				PRODUCT_NAME = "$(TARGET_NAME)";
				TEST_HOST = "$(BUILT_PRODUCTS_DIR)/WheArU.app/WheArU";
			};
			name = Debug;
		};
		4D8267E919B3BA6E00076974 /* Release */ = {
			isa = XCBuildConfiguration;
			buildSettings = {
				BUNDLE_LOADER = "$(TEST_HOST)";
				FRAMEWORK_SEARCH_PATHS = (
					"$(SDKROOT)/Developer/Library/Frameworks",
					"$(inherited)",
				);
				INFOPLIST_FILE = WheArUTests/Info.plist;
				LD_RUNPATH_SEARCH_PATHS = "$(inherited) @executable_path/Frameworks @loader_path/Frameworks";
				PRODUCT_NAME = "$(TARGET_NAME)";
				TEST_HOST = "$(BUILT_PRODUCTS_DIR)/WheArU.app/WheArU";
			};
			name = Release;
		};
/* End XCBuildConfiguration section */

/* Begin XCConfigurationList section */
		4D8267BC19B3BA6E00076974 /* Build configuration list for PBXProject "WheArU" */ = {
			isa = XCConfigurationList;
			buildConfigurations = (
				4D8267E219B3BA6E00076974 /* Debug */,
				4D8267E319B3BA6E00076974 /* Release */,
			);
			defaultConfigurationIsVisible = 0;
			defaultConfigurationName = Release;
		};
		4D8267E419B3BA6E00076974 /* Build configuration list for PBXNativeTarget "WheArU" */ = {
			isa = XCConfigurationList;
			buildConfigurations = (
				4D8267E519B3BA6E00076974 /* Debug */,
				4D8267E619B3BA6E00076974 /* Release */,
			);
			defaultConfigurationIsVisible = 0;
			defaultConfigurationName = Release;
		};
		4D8267E719B3BA6E00076974 /* Build configuration list for PBXNativeTarget "WheArUTests" */ = {
			isa = XCConfigurationList;
			buildConfigurations = (
				4D8267E819B3BA6E00076974 /* Debug */,
				4D8267E919B3BA6E00076974 /* Release */,
			);
			defaultConfigurationIsVisible = 0;
			defaultConfigurationName = Release;
		};
/* End XCConfigurationList section */

/* Begin XCVersionGroup section */
		4D8267CB19B3BA6E00076974 /* WheArU.xcdatamodeld */ = {
			isa = XCVersionGroup;
			children = (
				4D8267CC19B3BA6E00076974 /* WheArU.xcdatamodel */,
			);
			currentVersion = 4D8267CC19B3BA6E00076974 /* WheArU.xcdatamodel */;
			path = WheArU.xcdatamodeld;
			sourceTree = "<group>";
			versionGroupType = wrapper.xcdatamodel;
		};
/* End XCVersionGroup section */
	};
	rootObject = 4D8267B919B3BA6E00076974 /* Project object */;
}
